// !$*UTF8*$!
{
	archiveVersion = 1;
	classes = {
	};
	objectVersion = 46;
	objects = {

/* Begin PBXBuildFile section */
		374B7FE41AC2457B00D5F106 /* main.m in Sources */ = {isa = PBXBuildFile; fileRef = 374B7FE31AC2457B00D5F106 /* main.m */; };
		374B7FE71AC2457B00D5F106 /* AppDelegate.m in Sources */ = {isa = PBXBuildFile; fileRef = 374B7FE61AC2457B00D5F106 /* AppDelegate.m */; };
		374B7FEA1AC2457B00D5F106 /* ViewController.m in Sources */ = {isa = PBXBuildFile; fileRef = 374B7FE91AC2457B00D5F106 /* ViewController.m */; };
		374B7FED1AC2457B00D5F106 /* Main.storyboard in Resources */ = {isa = PBXBuildFile; fileRef = 374B7FEB1AC2457B00D5F106 /* Main.storyboard */; };
		374B7FEF1AC2457B00D5F106 /* Images.xcassets in Resources */ = {isa = PBXBuildFile; fileRef = 374B7FEE1AC2457B00D5F106 /* Images.xcassets */; };
		374B7FF21AC2457B00D5F106 /* LaunchScreen.xib in Resources */ = {isa = PBXBuildFile; fileRef = 374B7FF01AC2457B00D5F106 /* LaunchScreen.xib */; };
		374B7FFE1AC2457B00D5F106 /* WatchWeiboTests.m in Sources */ = {isa = PBXBuildFile; fileRef = 374B7FFD1AC2457B00D5F106 /* WatchWeiboTests.m */; };
		374B80101AC246B400D5F106 /* LYROAuthViewController.m in Sources */ = {isa = PBXBuildFile; fileRef = 374B800F1AC246B400D5F106 /* LYROAuthViewController.m */; };
		374B80261AC24B3800D5F106 /* AFHTTPRequestOperation.m in Sources */ = {isa = PBXBuildFile; fileRef = 374B80141AC24B3800D5F106 /* AFHTTPRequestOperation.m */; };
		374B80271AC24B3800D5F106 /* AFHTTPRequestOperationManager.m in Sources */ = {isa = PBXBuildFile; fileRef = 374B80161AC24B3800D5F106 /* AFHTTPRequestOperationManager.m */; };
		374B80281AC24B3800D5F106 /* AFHTTPSessionManager.m in Sources */ = {isa = PBXBuildFile; fileRef = 374B80181AC24B3800D5F106 /* AFHTTPSessionManager.m */; };
		374B80291AC24B3800D5F106 /* AFNetworkReachabilityManager.m in Sources */ = {isa = PBXBuildFile; fileRef = 374B801B1AC24B3800D5F106 /* AFNetworkReachabilityManager.m */; };
		374B802A1AC24B3800D5F106 /* AFSecurityPolicy.m in Sources */ = {isa = PBXBuildFile; fileRef = 374B801D1AC24B3800D5F106 /* AFSecurityPolicy.m */; };
		374B802B1AC24B3800D5F106 /* AFURLConnectionOperation.m in Sources */ = {isa = PBXBuildFile; fileRef = 374B801F1AC24B3800D5F106 /* AFURLConnectionOperation.m */; };
		374B802C1AC24B3800D5F106 /* AFURLRequestSerialization.m in Sources */ = {isa = PBXBuildFile; fileRef = 374B80211AC24B3800D5F106 /* AFURLRequestSerialization.m */; };
		374B802D1AC24B3800D5F106 /* AFURLResponseSerialization.m in Sources */ = {isa = PBXBuildFile; fileRef = 374B80231AC24B3800D5F106 /* AFURLResponseSerialization.m */; };
		374B802E1AC24B3800D5F106 /* AFURLSessionManager.m in Sources */ = {isa = PBXBuildFile; fileRef = 374B80251AC24B3800D5F106 /* AFURLSessionManager.m */; };
		374B80411AC2551300D5F106 /* InterfaceController.m in Sources */ = {isa = PBXBuildFile; fileRef = 374B80401AC2551300D5F106 /* InterfaceController.m */; };
		374B80441AC2551300D5F106 /* NotificationController.m in Sources */ = {isa = PBXBuildFile; fileRef = 374B80431AC2551300D5F106 /* NotificationController.m */; };
		374B80461AC2551300D5F106 /* Images.xcassets in Resources */ = {isa = PBXBuildFile; fileRef = 374B80451AC2551300D5F106 /* Images.xcassets */; };
		374B804A1AC2551300D5F106 /* WatchWeibo WatchKit App.app in Resources */ = {isa = PBXBuildFile; fileRef = 374B80491AC2551300D5F106 /* WatchWeibo WatchKit App.app */; };
		374B80521AC2551300D5F106 /* Interface.storyboard in Resources */ = {isa = PBXBuildFile; fileRef = 374B80501AC2551300D5F106 /* Interface.storyboard */; };
		374B80541AC2551300D5F106 /* Images.xcassets in Resources */ = {isa = PBXBuildFile; fileRef = 374B80531AC2551300D5F106 /* Images.xcassets */; };
		374B80571AC2551300D5F106 /* WatchWeibo WatchKit Extension.appex in Embed App Extensions */ = {isa = PBXBuildFile; fileRef = 374B803A1AC2551300D5F106 /* WatchWeibo WatchKit Extension.appex */; settings = {ATTRIBUTES = (RemoveHeadersOnCopy, ); }; };
		374B80611AC25B6500D5F106 /* LYRWeiboTableInterfaceController.m in Sources */ = {isa = PBXBuildFile; fileRef = 374B80601AC25B6500D5F106 /* LYRWeiboTableInterfaceController.m */; };
		374B806C1AC25BD100D5F106 /* LYRWeiboKit.h in Headers */ = {isa = PBXBuildFile; fileRef = 374B806B1AC25BD100D5F106 /* LYRWeiboKit.h */; settings = {ATTRIBUTES = (Public, ); }; };
		374B80721AC25BD100D5F106 /* LYRWeiboKit.framework in Frameworks */ = {isa = PBXBuildFile; fileRef = 374B80671AC25BD100D5F106 /* LYRWeiboKit.framework */; };
		374B807B1AC25BD100D5F106 /* LYRWeiboKitTests.m in Sources */ = {isa = PBXBuildFile; fileRef = 374B807A1AC25BD100D5F106 /* LYRWeiboKitTests.m */; };
		374B807E1AC25BD100D5F106 /* LYRWeiboKit.framework in Frameworks */ = {isa = PBXBuildFile; fileRef = 374B80671AC25BD100D5F106 /* LYRWeiboKit.framework */; };
		374B807F1AC25BD100D5F106 /* LYRWeiboKit.framework in Embed Frameworks */ = {isa = PBXBuildFile; fileRef = 374B80671AC25BD100D5F106 /* LYRWeiboKit.framework */; settings = {ATTRIBUTES = (CodeSignOnCopy, RemoveHeadersOnCopy, ); }; };
		374B80941AC25BF500D5F106 /* FMDatabase.h in Headers */ = {isa = PBXBuildFile; fileRef = 374B80891AC25BF500D5F106 /* FMDatabase.h */; };
		374B80951AC25BF500D5F106 /* FMDatabase.m in Sources */ = {isa = PBXBuildFile; fileRef = 374B808A1AC25BF500D5F106 /* FMDatabase.m */; };
		374B80961AC25BF500D5F106 /* FMDatabaseAdditions.h in Headers */ = {isa = PBXBuildFile; fileRef = 374B808B1AC25BF500D5F106 /* FMDatabaseAdditions.h */; };
		374B80971AC25BF500D5F106 /* FMDatabaseAdditions.m in Sources */ = {isa = PBXBuildFile; fileRef = 374B808C1AC25BF500D5F106 /* FMDatabaseAdditions.m */; };
		374B80981AC25BF500D5F106 /* FMDatabasePool.h in Headers */ = {isa = PBXBuildFile; fileRef = 374B808D1AC25BF500D5F106 /* FMDatabasePool.h */; };
		374B80991AC25BF500D5F106 /* FMDatabasePool.m in Sources */ = {isa = PBXBuildFile; fileRef = 374B808E1AC25BF500D5F106 /* FMDatabasePool.m */; };
		374B809A1AC25BF500D5F106 /* FMDatabaseQueue.h in Headers */ = {isa = PBXBuildFile; fileRef = 374B808F1AC25BF500D5F106 /* FMDatabaseQueue.h */; };
		374B809B1AC25BF500D5F106 /* FMDatabaseQueue.m in Sources */ = {isa = PBXBuildFile; fileRef = 374B80901AC25BF500D5F106 /* FMDatabaseQueue.m */; };
		374B809C1AC25BF500D5F106 /* FMDB.h in Headers */ = {isa = PBXBuildFile; fileRef = 374B80911AC25BF500D5F106 /* FMDB.h */; };
		374B809D1AC25BF500D5F106 /* FMResultSet.h in Headers */ = {isa = PBXBuildFile; fileRef = 374B80921AC25BF500D5F106 /* FMResultSet.h */; };
		374B809E1AC25BF500D5F106 /* FMResultSet.m in Sources */ = {isa = PBXBuildFile; fileRef = 374B80931AC25BF500D5F106 /* FMResultSet.m */; };
		374B80A01AC25C0A00D5F106 /* libsqlite3.dylib in Frameworks */ = {isa = PBXBuildFile; fileRef = 374B809F1AC25C0A00D5F106 /* libsqlite3.dylib */; };
		374B80BE1AC267B500D5F106 /* JSONModel.h in Headers */ = {isa = PBXBuildFile; fileRef = 374B80A61AC267B500D5F106 /* JSONModel.h */; };
		374B80BF1AC267B500D5F106 /* JSONModel.m in Sources */ = {isa = PBXBuildFile; fileRef = 374B80A71AC267B500D5F106 /* JSONModel.m */; };
		374B80C01AC267B500D5F106 /* JSONModelArray.h in Headers */ = {isa = PBXBuildFile; fileRef = 374B80A81AC267B500D5F106 /* JSONModelArray.h */; };
		374B80C11AC267B500D5F106 /* JSONModelArray.m in Sources */ = {isa = PBXBuildFile; fileRef = 374B80A91AC267B500D5F106 /* JSONModelArray.m */; };
		374B80C21AC267B500D5F106 /* JSONModelClassProperty.h in Headers */ = {isa = PBXBuildFile; fileRef = 374B80AA1AC267B500D5F106 /* JSONModelClassProperty.h */; };
		374B80C31AC267B500D5F106 /* JSONModelClassProperty.m in Sources */ = {isa = PBXBuildFile; fileRef = 374B80AB1AC267B500D5F106 /* JSONModelClassProperty.m */; };
		374B80C41AC267B500D5F106 /* JSONModelError.h in Headers */ = {isa = PBXBuildFile; fileRef = 374B80AC1AC267B500D5F106 /* JSONModelError.h */; };
		374B80C51AC267B500D5F106 /* JSONModelError.m in Sources */ = {isa = PBXBuildFile; fileRef = 374B80AD1AC267B500D5F106 /* JSONModelError.m */; };
		374B80C61AC267B500D5F106 /* NSArray+JSONModel.h in Headers */ = {isa = PBXBuildFile; fileRef = 374B80AF1AC267B500D5F106 /* NSArray+JSONModel.h */; };
		374B80C71AC267B500D5F106 /* NSArray+JSONModel.m in Sources */ = {isa = PBXBuildFile; fileRef = 374B80B01AC267B500D5F106 /* NSArray+JSONModel.m */; };
		374B80C81AC267B500D5F106 /* JSONModelLib.h in Headers */ = {isa = PBXBuildFile; fileRef = 374B80B11AC267B500D5F106 /* JSONModelLib.h */; };
		374B80C91AC267B500D5F106 /* JSONAPI.h in Headers */ = {isa = PBXBuildFile; fileRef = 374B80B31AC267B500D5F106 /* JSONAPI.h */; };
		374B80CA1AC267B500D5F106 /* JSONAPI.m in Sources */ = {isa = PBXBuildFile; fileRef = 374B80B41AC267B500D5F106 /* JSONAPI.m */; };
		374B80CB1AC267B500D5F106 /* JSONHTTPClient.h in Headers */ = {isa = PBXBuildFile; fileRef = 374B80B51AC267B500D5F106 /* JSONHTTPClient.h */; };
		374B80CC1AC267B500D5F106 /* JSONHTTPClient.m in Sources */ = {isa = PBXBuildFile; fileRef = 374B80B61AC267B500D5F106 /* JSONHTTPClient.m */; };
		374B80CD1AC267B500D5F106 /* JSONModel+networking.h in Headers */ = {isa = PBXBuildFile; fileRef = 374B80B71AC267B500D5F106 /* JSONModel+networking.h */; };
		374B80CE1AC267B500D5F106 /* JSONModel+networking.m in Sources */ = {isa = PBXBuildFile; fileRef = 374B80B81AC267B500D5F106 /* JSONModel+networking.m */; };
		374B80CF1AC267B500D5F106 /* JSONKeyMapper.h in Headers */ = {isa = PBXBuildFile; fileRef = 374B80BA1AC267B500D5F106 /* JSONKeyMapper.h */; };
		374B80D01AC267B500D5F106 /* JSONKeyMapper.m in Sources */ = {isa = PBXBuildFile; fileRef = 374B80BB1AC267B500D5F106 /* JSONKeyMapper.m */; };
		374B80D11AC267B500D5F106 /* JSONValueTransformer.h in Headers */ = {isa = PBXBuildFile; fileRef = 374B80BC1AC267B500D5F106 /* JSONValueTransformer.h */; };
		374B80D21AC267B500D5F106 /* JSONValueTransformer.m in Sources */ = {isa = PBXBuildFile; fileRef = 374B80BD1AC267B500D5F106 /* JSONValueTransformer.m */; };
		374B80D61AC267EA00D5F106 /* LYRWeibo.h in Headers */ = {isa = PBXBuildFile; fileRef = 374B80D41AC267EA00D5F106 /* LYRWeibo.h */; };
		374B80D71AC267EA00D5F106 /* LYRWeibo.m in Sources */ = {isa = PBXBuildFile; fileRef = 374B80D51AC267EA00D5F106 /* LYRWeibo.m */; };
		374B80DA1AC2865D00D5F106 /* LYRUserInfo.h in Headers */ = {isa = PBXBuildFile; fileRef = 374B80D81AC2865D00D5F106 /* LYRUserInfo.h */; };
		374B80DB1AC2865D00D5F106 /* LYRUserInfo.m in Sources */ = {isa = PBXBuildFile; fileRef = 374B80D91AC2865D00D5F106 /* LYRUserInfo.m */; };
		374B80DE1AC2996300D5F106 /* LYRWeiboKit.framework in Frameworks */ = {isa = PBXBuildFile; fileRef = 374B80671AC25BD100D5F106 /* LYRWeiboKit.framework */; };
		374B80E21AC29E9B00D5F106 /* LYRWeiboRowController.m in Sources */ = {isa = PBXBuildFile; fileRef = 374B80E11AC29E9B00D5F106 /* LYRWeiboRowController.m */; };
		374B80E51AC2A39600D5F106 /* LYRIconAndUserNameRowController.m in Sources */ = {isa = PBXBuildFile; fileRef = 374B80E41AC2A39600D5F106 /* LYRIconAndUserNameRowController.m */; };
		374B80E81AC2A46100D5F106 /* LYRWeiboContentRowController.m in Sources */ = {isa = PBXBuildFile; fileRef = 374B80E71AC2A46100D5F106 /* LYRWeiboContentRowController.m */; };
		3773BC911AC39D08000B4262 /* LYRWeiboTool.h in Headers */ = {isa = PBXBuildFile; fileRef = 3773BC8F1AC39D08000B4262 /* LYRWeiboTool.h */; };
		3773BC921AC39D08000B4262 /* LYRWeiboTool.m in Sources */ = {isa = PBXBuildFile; fileRef = 3773BC901AC39D08000B4262 /* LYRWeiboTool.m */; };
		3773BC931AC3A5A5000B4262 /* LYRAuthInfoTool.m in Sources */ = {isa = PBXBuildFile; fileRef = 374B80341AC24FAD00D5F106 /* LYRAuthInfoTool.m */; };
		3773BC941AC3A5A7000B4262 /* LYRAuthInfo.m in Sources */ = {isa = PBXBuildFile; fileRef = 374B80301AC24EC200D5F106 /* LYRAuthInfo.m */; };
		3773BC951AC3A5CE000B4262 /* LYRAuthInfoTool.h in Headers */ = {isa = PBXBuildFile; fileRef = 374B80331AC24FAD00D5F106 /* LYRAuthInfoTool.h */; };
		3773BC961AC3A5D1000B4262 /* LYRAuthInfo.h in Headers */ = {isa = PBXBuildFile; fileRef = 374B802F1AC24EC200D5F106 /* LYRAuthInfo.h */; };
		3773BC991AC3A778000B4262 /* LYRBaseParametersRequest.h in Headers */ = {isa = PBXBuildFile; fileRef = 3773BC971AC3A778000B4262 /* LYRBaseParametersRequest.h */; };
		3773BC9A1AC3A778000B4262 /* LYRBaseParametersRequest.m in Sources */ = {isa = PBXBuildFile; fileRef = 3773BC981AC3A778000B4262 /* LYRBaseParametersRequest.m */; };
		3773BC9E1AC3A82A000B4262 /* LYRWeiboParametersRequest.h in Headers */ = {isa = PBXBuildFile; fileRef = 3773BC9C1AC3A82A000B4262 /* LYRWeiboParametersRequest.h */; };
		3773BC9F1AC3A82A000B4262 /* LYRWeiboParametersRequest.m in Sources */ = {isa = PBXBuildFile; fileRef = 3773BC9D1AC3A82A000B4262 /* LYRWeiboParametersRequest.m */; };
		3773BCA41AC3B36A000B4262 /* LYRHttpTool.m in Sources */ = {isa = PBXBuildFile; fileRef = 3773BCA31AC3B36A000B4262 /* LYRHttpTool.m */; };
		378B8A6E1AC52F340011D265 /* LYRNoLoginInterfaceController.m in Sources */ = {isa = PBXBuildFile; fileRef = 378B8A6D1AC52F340011D265 /* LYRNoLoginInterfaceController.m */; };
		4CC43D051AC6E2D8005A0812 /* LYRAppGroup.h in Headers */ = {isa = PBXBuildFile; fileRef = 4CC43D041AC6E2D8005A0812 /* LYRAppGroup.h */; };
/* End PBXBuildFile section */

/* Begin PBXContainerItemProxy section */
		374B7FF81AC2457B00D5F106 /* PBXContainerItemProxy */ = {
			isa = PBXContainerItemProxy;
			containerPortal = 374B7FD61AC2457B00D5F106 /* Project object */;
			proxyType = 1;
			remoteGlobalIDString = 374B7FDD1AC2457B00D5F106;
			remoteInfo = WatchWeibo;
		};
		374B804B1AC2551300D5F106 /* PBXContainerItemProxy */ = {
			isa = PBXContainerItemProxy;
			containerPortal = 374B7FD61AC2457B00D5F106 /* Project object */;
			proxyType = 1;
			remoteGlobalIDString = 374B80481AC2551300D5F106;
			remoteInfo = "WatchWeibo WatchKit App";
		};
		374B80551AC2551300D5F106 /* PBXContainerItemProxy */ = {
			isa = PBXContainerItemProxy;
			containerPortal = 374B7FD61AC2457B00D5F106 /* Project object */;
			proxyType = 1;
			remoteGlobalIDString = 374B80391AC2551300D5F106;
			remoteInfo = "WatchWeibo WatchKit Extension";
		};
		374B80731AC25BD100D5F106 /* PBXContainerItemProxy */ = {
			isa = PBXContainerItemProxy;
			containerPortal = 374B7FD61AC2457B00D5F106 /* Project object */;
			proxyType = 1;
			remoteGlobalIDString = 374B80661AC25BD100D5F106;
			remoteInfo = LYRWeiboKit;
		};
		374B80751AC25BD100D5F106 /* PBXContainerItemProxy */ = {
			isa = PBXContainerItemProxy;
			containerPortal = 374B7FD61AC2457B00D5F106 /* Project object */;
			proxyType = 1;
			remoteGlobalIDString = 374B7FDD1AC2457B00D5F106;
			remoteInfo = WatchWeibo;
		};
		374B807C1AC25BD100D5F106 /* PBXContainerItemProxy */ = {
			isa = PBXContainerItemProxy;
			containerPortal = 374B7FD61AC2457B00D5F106 /* Project object */;
			proxyType = 1;
			remoteGlobalIDString = 374B80661AC25BD100D5F106;
			remoteInfo = LYRWeiboKit;
		};
/* End PBXContainerItemProxy section */

/* Begin PBXCopyFilesBuildPhase section */
		374B805E1AC2551300D5F106 /* Embed App Extensions */ = {
			isa = PBXCopyFilesBuildPhase;
			buildActionMask = 2147483647;
			dstPath = "";
			dstSubfolderSpec = 13;
			files = (
				374B80571AC2551300D5F106 /* WatchWeibo WatchKit Extension.appex in Embed App Extensions */,
			);
			name = "Embed App Extensions";
			runOnlyForDeploymentPostprocessing = 0;
		};
		374B80831AC25BD100D5F106 /* Embed Frameworks */ = {
			isa = PBXCopyFilesBuildPhase;
			buildActionMask = 2147483647;
			dstPath = "";
			dstSubfolderSpec = 10;
			files = (
				374B807F1AC25BD100D5F106 /* LYRWeiboKit.framework in Embed Frameworks */,
			);
			name = "Embed Frameworks";
			runOnlyForDeploymentPostprocessing = 0;
		};
/* End PBXCopyFilesBuildPhase section */

/* Begin PBXFileReference section */
		374B7FDE1AC2457B00D5F106 /* WatchWeibo.app */ = {isa = PBXFileReference; explicitFileType = wrapper.application; includeInIndex = 0; path = WatchWeibo.app; sourceTree = BUILT_PRODUCTS_DIR; };
		374B7FE21AC2457B00D5F106 /* Info.plist */ = {isa = PBXFileReference; lastKnownFileType = text.plist.xml; path = Info.plist; sourceTree = "<group>"; };
		374B7FE31AC2457B00D5F106 /* main.m */ = {isa = PBXFileReference; lastKnownFileType = sourcecode.c.objc; path = main.m; sourceTree = "<group>"; };
		374B7FE51AC2457B00D5F106 /* AppDelegate.h */ = {isa = PBXFileReference; lastKnownFileType = sourcecode.c.h; path = AppDelegate.h; sourceTree = "<group>"; };
		374B7FE61AC2457B00D5F106 /* AppDelegate.m */ = {isa = PBXFileReference; lastKnownFileType = sourcecode.c.objc; path = AppDelegate.m; sourceTree = "<group>"; };
		374B7FE81AC2457B00D5F106 /* ViewController.h */ = {isa = PBXFileReference; lastKnownFileType = sourcecode.c.h; path = ViewController.h; sourceTree = "<group>"; };
		374B7FE91AC2457B00D5F106 /* ViewController.m */ = {isa = PBXFileReference; lastKnownFileType = sourcecode.c.objc; path = ViewController.m; sourceTree = "<group>"; };
		374B7FEC1AC2457B00D5F106 /* Base */ = {isa = PBXFileReference; lastKnownFileType = file.storyboard; name = Base; path = Base.lproj/Main.storyboard; sourceTree = "<group>"; };
		374B7FEE1AC2457B00D5F106 /* Images.xcassets */ = {isa = PBXFileReference; lastKnownFileType = folder.assetcatalog; path = Images.xcassets; sourceTree = "<group>"; };
		374B7FF11AC2457B00D5F106 /* Base */ = {isa = PBXFileReference; lastKnownFileType = file.xib; name = Base; path = Base.lproj/LaunchScreen.xib; sourceTree = "<group>"; };
		374B7FF71AC2457B00D5F106 /* WatchWeiboTests.xctest */ = {isa = PBXFileReference; explicitFileType = wrapper.cfbundle; includeInIndex = 0; path = WatchWeiboTests.xctest; sourceTree = BUILT_PRODUCTS_DIR; };
		374B7FFC1AC2457B00D5F106 /* Info.plist */ = {isa = PBXFileReference; lastKnownFileType = text.plist.xml; path = Info.plist; sourceTree = "<group>"; };
		374B7FFD1AC2457B00D5F106 /* WatchWeiboTests.m */ = {isa = PBXFileReference; lastKnownFileType = sourcecode.c.objc; path = WatchWeiboTests.m; sourceTree = "<group>"; };
		374B800E1AC246B400D5F106 /* LYROAuthViewController.h */ = {isa = PBXFileReference; fileEncoding = 4; lastKnownFileType = sourcecode.c.h; path = LYROAuthViewController.h; sourceTree = "<group>"; };
		374B800F1AC246B400D5F106 /* LYROAuthViewController.m */ = {isa = PBXFileReference; fileEncoding = 4; lastKnownFileType = sourcecode.c.objc; path = LYROAuthViewController.m; sourceTree = "<group>"; };
		374B80131AC24B3800D5F106 /* AFHTTPRequestOperation.h */ = {isa = PBXFileReference; fileEncoding = 4; lastKnownFileType = sourcecode.c.h; path = AFHTTPRequestOperation.h; sourceTree = "<group>"; };
		374B80141AC24B3800D5F106 /* AFHTTPRequestOperation.m */ = {isa = PBXFileReference; fileEncoding = 4; lastKnownFileType = sourcecode.c.objc; path = AFHTTPRequestOperation.m; sourceTree = "<group>"; };
		374B80151AC24B3800D5F106 /* AFHTTPRequestOperationManager.h */ = {isa = PBXFileReference; fileEncoding = 4; lastKnownFileType = sourcecode.c.h; path = AFHTTPRequestOperationManager.h; sourceTree = "<group>"; };
		374B80161AC24B3800D5F106 /* AFHTTPRequestOperationManager.m */ = {isa = PBXFileReference; fileEncoding = 4; lastKnownFileType = sourcecode.c.objc; path = AFHTTPRequestOperationManager.m; sourceTree = "<group>"; };
		374B80171AC24B3800D5F106 /* AFHTTPSessionManager.h */ = {isa = PBXFileReference; fileEncoding = 4; lastKnownFileType = sourcecode.c.h; path = AFHTTPSessionManager.h; sourceTree = "<group>"; };
		374B80181AC24B3800D5F106 /* AFHTTPSessionManager.m */ = {isa = PBXFileReference; fileEncoding = 4; lastKnownFileType = sourcecode.c.objc; path = AFHTTPSessionManager.m; sourceTree = "<group>"; };
		374B80191AC24B3800D5F106 /* AFNetworking.h */ = {isa = PBXFileReference; fileEncoding = 4; lastKnownFileType = sourcecode.c.h; path = AFNetworking.h; sourceTree = "<group>"; };
		374B801A1AC24B3800D5F106 /* AFNetworkReachabilityManager.h */ = {isa = PBXFileReference; fileEncoding = 4; lastKnownFileType = sourcecode.c.h; path = AFNetworkReachabilityManager.h; sourceTree = "<group>"; };
		374B801B1AC24B3800D5F106 /* AFNetworkReachabilityManager.m */ = {isa = PBXFileReference; fileEncoding = 4; lastKnownFileType = sourcecode.c.objc; path = AFNetworkReachabilityManager.m; sourceTree = "<group>"; };
		374B801C1AC24B3800D5F106 /* AFSecurityPolicy.h */ = {isa = PBXFileReference; fileEncoding = 4; lastKnownFileType = sourcecode.c.h; path = AFSecurityPolicy.h; sourceTree = "<group>"; };
		374B801D1AC24B3800D5F106 /* AFSecurityPolicy.m */ = {isa = PBXFileReference; fileEncoding = 4; lastKnownFileType = sourcecode.c.objc; path = AFSecurityPolicy.m; sourceTree = "<group>"; };
		374B801E1AC24B3800D5F106 /* AFURLConnectionOperation.h */ = {isa = PBXFileReference; fileEncoding = 4; lastKnownFileType = sourcecode.c.h; path = AFURLConnectionOperation.h; sourceTree = "<group>"; };
		374B801F1AC24B3800D5F106 /* AFURLConnectionOperation.m */ = {isa = PBXFileReference; fileEncoding = 4; lastKnownFileType = sourcecode.c.objc; path = AFURLConnectionOperation.m; sourceTree = "<group>"; };
		374B80201AC24B3800D5F106 /* AFURLRequestSerialization.h */ = {isa = PBXFileReference; fileEncoding = 4; lastKnownFileType = sourcecode.c.h; path = AFURLRequestSerialization.h; sourceTree = "<group>"; };
		374B80211AC24B3800D5F106 /* AFURLRequestSerialization.m */ = {isa = PBXFileReference; fileEncoding = 4; lastKnownFileType = sourcecode.c.objc; path = AFURLRequestSerialization.m; sourceTree = "<group>"; };
		374B80221AC24B3800D5F106 /* AFURLResponseSerialization.h */ = {isa = PBXFileReference; fileEncoding = 4; lastKnownFileType = sourcecode.c.h; path = AFURLResponseSerialization.h; sourceTree = "<group>"; };
		374B80231AC24B3800D5F106 /* AFURLResponseSerialization.m */ = {isa = PBXFileReference; fileEncoding = 4; lastKnownFileType = sourcecode.c.objc; path = AFURLResponseSerialization.m; sourceTree = "<group>"; };
		374B80241AC24B3800D5F106 /* AFURLSessionManager.h */ = {isa = PBXFileReference; fileEncoding = 4; lastKnownFileType = sourcecode.c.h; path = AFURLSessionManager.h; sourceTree = "<group>"; };
		374B80251AC24B3800D5F106 /* AFURLSessionManager.m */ = {isa = PBXFileReference; fileEncoding = 4; lastKnownFileType = sourcecode.c.objc; path = AFURLSessionManager.m; sourceTree = "<group>"; };
		374B802F1AC24EC200D5F106 /* LYRAuthInfo.h */ = {isa = PBXFileReference; fileEncoding = 4; lastKnownFileType = sourcecode.c.h; name = LYRAuthInfo.h; path = "../WatchWeibo/OAuth授权/Model/LYRAuthInfo.h"; sourceTree = "<group>"; };
		374B80301AC24EC200D5F106 /* LYRAuthInfo.m */ = {isa = PBXFileReference; fileEncoding = 4; lastKnownFileType = sourcecode.c.objc; name = LYRAuthInfo.m; path = "../WatchWeibo/OAuth授权/Model/LYRAuthInfo.m"; sourceTree = "<group>"; };
		374B80331AC24FAD00D5F106 /* LYRAuthInfoTool.h */ = {isa = PBXFileReference; fileEncoding = 4; lastKnownFileType = sourcecode.c.h; name = LYRAuthInfoTool.h; path = "../WatchWeibo/OAuth授权/LYRAuthInfoTool.h"; sourceTree = "<group>"; };
		374B80341AC24FAD00D5F106 /* LYRAuthInfoTool.m */ = {isa = PBXFileReference; fileEncoding = 4; lastKnownFileType = sourcecode.c.objc; name = LYRAuthInfoTool.m; path = "../WatchWeibo/OAuth授权/LYRAuthInfoTool.m"; sourceTree = "<group>"; };
		374B803A1AC2551300D5F106 /* WatchWeibo WatchKit Extension.appex */ = {isa = PBXFileReference; explicitFileType = "wrapper.app-extension"; includeInIndex = 0; path = "WatchWeibo WatchKit Extension.appex"; sourceTree = BUILT_PRODUCTS_DIR; };
		374B803D1AC2551300D5F106 /* Info.plist */ = {isa = PBXFileReference; lastKnownFileType = text.plist.xml; path = Info.plist; sourceTree = "<group>"; };
		374B803E1AC2551300D5F106 /* PushNotificationPayload.apns */ = {isa = PBXFileReference; lastKnownFileType = text; path = PushNotificationPayload.apns; sourceTree = "<group>"; };
		374B803F1AC2551300D5F106 /* InterfaceController.h */ = {isa = PBXFileReference; lastKnownFileType = sourcecode.c.h; path = InterfaceController.h; sourceTree = "<group>"; };
		374B80401AC2551300D5F106 /* InterfaceController.m */ = {isa = PBXFileReference; lastKnownFileType = sourcecode.c.objc; path = InterfaceController.m; sourceTree = "<group>"; };
		374B80421AC2551300D5F106 /* NotificationController.h */ = {isa = PBXFileReference; lastKnownFileType = sourcecode.c.h; path = NotificationController.h; sourceTree = "<group>"; };
		374B80431AC2551300D5F106 /* NotificationController.m */ = {isa = PBXFileReference; lastKnownFileType = sourcecode.c.objc; path = NotificationController.m; sourceTree = "<group>"; };
		374B80451AC2551300D5F106 /* Images.xcassets */ = {isa = PBXFileReference; lastKnownFileType = folder.assetcatalog; path = Images.xcassets; sourceTree = "<group>"; };
		374B80491AC2551300D5F106 /* WatchWeibo WatchKit App.app */ = {isa = PBXFileReference; explicitFileType = wrapper.application; includeInIndex = 0; path = "WatchWeibo WatchKit App.app"; sourceTree = BUILT_PRODUCTS_DIR; };
		374B804F1AC2551300D5F106 /* Info.plist */ = {isa = PBXFileReference; lastKnownFileType = text.plist.xml; path = Info.plist; sourceTree = "<group>"; };
		374B80511AC2551300D5F106 /* Base */ = {isa = PBXFileReference; lastKnownFileType = file.storyboard; name = Base; path = Base.lproj/Interface.storyboard; sourceTree = "<group>"; };
		374B80531AC2551300D5F106 /* Images.xcassets */ = {isa = PBXFileReference; lastKnownFileType = folder.assetcatalog; path = Images.xcassets; sourceTree = "<group>"; };
		374B805F1AC25B6500D5F106 /* LYRWeiboTableInterfaceController.h */ = {isa = PBXFileReference; fileEncoding = 4; lastKnownFileType = sourcecode.c.h; path = LYRWeiboTableInterfaceController.h; sourceTree = "<group>"; };
		374B80601AC25B6500D5F106 /* LYRWeiboTableInterfaceController.m */ = {isa = PBXFileReference; fileEncoding = 4; lastKnownFileType = sourcecode.c.objc; path = LYRWeiboTableInterfaceController.m; sourceTree = "<group>"; };
		374B80671AC25BD100D5F106 /* LYRWeiboKit.framework */ = {isa = PBXFileReference; explicitFileType = wrapper.framework; includeInIndex = 0; path = LYRWeiboKit.framework; sourceTree = BUILT_PRODUCTS_DIR; };
		374B806A1AC25BD100D5F106 /* Info.plist */ = {isa = PBXFileReference; lastKnownFileType = text.plist.xml; path = Info.plist; sourceTree = "<group>"; };
		374B806B1AC25BD100D5F106 /* LYRWeiboKit.h */ = {isa = PBXFileReference; lastKnownFileType = sourcecode.c.h; path = LYRWeiboKit.h; sourceTree = "<group>"; };
		374B80711AC25BD100D5F106 /* LYRWeiboKitTests.xctest */ = {isa = PBXFileReference; explicitFileType = wrapper.cfbundle; includeInIndex = 0; path = LYRWeiboKitTests.xctest; sourceTree = BUILT_PRODUCTS_DIR; };
		374B80791AC25BD100D5F106 /* Info.plist */ = {isa = PBXFileReference; lastKnownFileType = text.plist.xml; path = Info.plist; sourceTree = "<group>"; };
		374B807A1AC25BD100D5F106 /* LYRWeiboKitTests.m */ = {isa = PBXFileReference; lastKnownFileType = sourcecode.c.objc; path = LYRWeiboKitTests.m; sourceTree = "<group>"; };
		374B80891AC25BF500D5F106 /* FMDatabase.h */ = {isa = PBXFileReference; fileEncoding = 4; lastKnownFileType = sourcecode.c.h; path = FMDatabase.h; sourceTree = "<group>"; };
		374B808A1AC25BF500D5F106 /* FMDatabase.m */ = {isa = PBXFileReference; fileEncoding = 4; lastKnownFileType = sourcecode.c.objc; path = FMDatabase.m; sourceTree = "<group>"; };
		374B808B1AC25BF500D5F106 /* FMDatabaseAdditions.h */ = {isa = PBXFileReference; fileEncoding = 4; lastKnownFileType = sourcecode.c.h; path = FMDatabaseAdditions.h; sourceTree = "<group>"; };
		374B808C1AC25BF500D5F106 /* FMDatabaseAdditions.m */ = {isa = PBXFileReference; fileEncoding = 4; lastKnownFileType = sourcecode.c.objc; path = FMDatabaseAdditions.m; sourceTree = "<group>"; };
		374B808D1AC25BF500D5F106 /* FMDatabasePool.h */ = {isa = PBXFileReference; fileEncoding = 4; lastKnownFileType = sourcecode.c.h; path = FMDatabasePool.h; sourceTree = "<group>"; };
		374B808E1AC25BF500D5F106 /* FMDatabasePool.m */ = {isa = PBXFileReference; fileEncoding = 4; lastKnownFileType = sourcecode.c.objc; path = FMDatabasePool.m; sourceTree = "<group>"; };
		374B808F1AC25BF500D5F106 /* FMDatabaseQueue.h */ = {isa = PBXFileReference; fileEncoding = 4; lastKnownFileType = sourcecode.c.h; path = FMDatabaseQueue.h; sourceTree = "<group>"; };
		374B80901AC25BF500D5F106 /* FMDatabaseQueue.m */ = {isa = PBXFileReference; fileEncoding = 4; lastKnownFileType = sourcecode.c.objc; path = FMDatabaseQueue.m; sourceTree = "<group>"; };
		374B80911AC25BF500D5F106 /* FMDB.h */ = {isa = PBXFileReference; fileEncoding = 4; lastKnownFileType = sourcecode.c.h; path = FMDB.h; sourceTree = "<group>"; };
		374B80921AC25BF500D5F106 /* FMResultSet.h */ = {isa = PBXFileReference; fileEncoding = 4; lastKnownFileType = sourcecode.c.h; path = FMResultSet.h; sourceTree = "<group>"; };
		374B80931AC25BF500D5F106 /* FMResultSet.m */ = {isa = PBXFileReference; fileEncoding = 4; lastKnownFileType = sourcecode.c.objc; path = FMResultSet.m; sourceTree = "<group>"; };
		374B809F1AC25C0A00D5F106 /* libsqlite3.dylib */ = {isa = PBXFileReference; lastKnownFileType = "compiled.mach-o.dylib"; name = libsqlite3.dylib; path = usr/lib/libsqlite3.dylib; sourceTree = SDKROOT; };
		374B80A61AC267B500D5F106 /* JSONModel.h */ = {isa = PBXFileReference; fileEncoding = 4; lastKnownFileType = sourcecode.c.h; path = JSONModel.h; sourceTree = "<group>"; };
		374B80A71AC267B500D5F106 /* JSONModel.m */ = {isa = PBXFileReference; fileEncoding = 4; lastKnownFileType = sourcecode.c.objc; path = JSONModel.m; sourceTree = "<group>"; };
		374B80A81AC267B500D5F106 /* JSONModelArray.h */ = {isa = PBXFileReference; fileEncoding = 4; lastKnownFileType = sourcecode.c.h; path = JSONModelArray.h; sourceTree = "<group>"; };
		374B80A91AC267B500D5F106 /* JSONModelArray.m */ = {isa = PBXFileReference; fileEncoding = 4; lastKnownFileType = sourcecode.c.objc; path = JSONModelArray.m; sourceTree = "<group>"; };
		374B80AA1AC267B500D5F106 /* JSONModelClassProperty.h */ = {isa = PBXFileReference; fileEncoding = 4; lastKnownFileType = sourcecode.c.h; path = JSONModelClassProperty.h; sourceTree = "<group>"; };
		374B80AB1AC267B500D5F106 /* JSONModelClassProperty.m */ = {isa = PBXFileReference; fileEncoding = 4; lastKnownFileType = sourcecode.c.objc; path = JSONModelClassProperty.m; sourceTree = "<group>"; };
		374B80AC1AC267B500D5F106 /* JSONModelError.h */ = {isa = PBXFileReference; fileEncoding = 4; lastKnownFileType = sourcecode.c.h; path = JSONModelError.h; sourceTree = "<group>"; };
		374B80AD1AC267B500D5F106 /* JSONModelError.m */ = {isa = PBXFileReference; fileEncoding = 4; lastKnownFileType = sourcecode.c.objc; path = JSONModelError.m; sourceTree = "<group>"; };
		374B80AF1AC267B500D5F106 /* NSArray+JSONModel.h */ = {isa = PBXFileReference; fileEncoding = 4; lastKnownFileType = sourcecode.c.h; path = "NSArray+JSONModel.h"; sourceTree = "<group>"; };
		374B80B01AC267B500D5F106 /* NSArray+JSONModel.m */ = {isa = PBXFileReference; fileEncoding = 4; lastKnownFileType = sourcecode.c.objc; path = "NSArray+JSONModel.m"; sourceTree = "<group>"; };
		374B80B11AC267B500D5F106 /* JSONModelLib.h */ = {isa = PBXFileReference; fileEncoding = 4; lastKnownFileType = sourcecode.c.h; path = JSONModelLib.h; sourceTree = "<group>"; };
		374B80B31AC267B500D5F106 /* JSONAPI.h */ = {isa = PBXFileReference; fileEncoding = 4; lastKnownFileType = sourcecode.c.h; path = JSONAPI.h; sourceTree = "<group>"; };
		374B80B41AC267B500D5F106 /* JSONAPI.m */ = {isa = PBXFileReference; fileEncoding = 4; lastKnownFileType = sourcecode.c.objc; path = JSONAPI.m; sourceTree = "<group>"; };
		374B80B51AC267B500D5F106 /* JSONHTTPClient.h */ = {isa = PBXFileReference; fileEncoding = 4; lastKnownFileType = sourcecode.c.h; path = JSONHTTPClient.h; sourceTree = "<group>"; };
		374B80B61AC267B500D5F106 /* JSONHTTPClient.m */ = {isa = PBXFileReference; fileEncoding = 4; lastKnownFileType = sourcecode.c.objc; path = JSONHTTPClient.m; sourceTree = "<group>"; };
		374B80B71AC267B500D5F106 /* JSONModel+networking.h */ = {isa = PBXFileReference; fileEncoding = 4; lastKnownFileType = sourcecode.c.h; path = "JSONModel+networking.h"; sourceTree = "<group>"; };
		374B80B81AC267B500D5F106 /* JSONModel+networking.m */ = {isa = PBXFileReference; fileEncoding = 4; lastKnownFileType = sourcecode.c.objc; path = "JSONModel+networking.m"; sourceTree = "<group>"; };
		374B80BA1AC267B500D5F106 /* JSONKeyMapper.h */ = {isa = PBXFileReference; fileEncoding = 4; lastKnownFileType = sourcecode.c.h; path = JSONKeyMapper.h; sourceTree = "<group>"; };
		374B80BB1AC267B500D5F106 /* JSONKeyMapper.m */ = {isa = PBXFileReference; fileEncoding = 4; lastKnownFileType = sourcecode.c.objc; path = JSONKeyMapper.m; sourceTree = "<group>"; };
		374B80BC1AC267B500D5F106 /* JSONValueTransformer.h */ = {isa = PBXFileReference; fileEncoding = 4; lastKnownFileType = sourcecode.c.h; path = JSONValueTransformer.h; sourceTree = "<group>"; };
		374B80BD1AC267B500D5F106 /* JSONValueTransformer.m */ = {isa = PBXFileReference; fileEncoding = 4; lastKnownFileType = sourcecode.c.objc; path = JSONValueTransformer.m; sourceTree = "<group>"; };
		374B80D41AC267EA00D5F106 /* LYRWeibo.h */ = {isa = PBXFileReference; fileEncoding = 4; lastKnownFileType = sourcecode.c.h; path = LYRWeibo.h; sourceTree = "<group>"; };
		374B80D51AC267EA00D5F106 /* LYRWeibo.m */ = {isa = PBXFileReference; fileEncoding = 4; lastKnownFileType = sourcecode.c.objc; path = LYRWeibo.m; sourceTree = "<group>"; };
		374B80D81AC2865D00D5F106 /* LYRUserInfo.h */ = {isa = PBXFileReference; fileEncoding = 4; lastKnownFileType = sourcecode.c.h; path = LYRUserInfo.h; sourceTree = "<group>"; };
		374B80D91AC2865D00D5F106 /* LYRUserInfo.m */ = {isa = PBXFileReference; fileEncoding = 4; lastKnownFileType = sourcecode.c.objc; path = LYRUserInfo.m; sourceTree = "<group>"; };
		374B80DC1AC2907B00D5F106 /* WatchWeibo.entitlements */ = {isa = PBXFileReference; lastKnownFileType = text.xml; path = WatchWeibo.entitlements; sourceTree = "<group>"; };
		374B80DD1AC290CC00D5F106 /* WatchWeibo WatchKit Extension.entitlements */ = {isa = PBXFileReference; lastKnownFileType = text.xml; path = "WatchWeibo WatchKit Extension.entitlements"; sourceTree = "<group>"; };
		374B80E01AC29E9B00D5F106 /* LYRWeiboRowController.h */ = {isa = PBXFileReference; fileEncoding = 4; lastKnownFileType = sourcecode.c.h; path = LYRWeiboRowController.h; sourceTree = "<group>"; };
		374B80E11AC29E9B00D5F106 /* LYRWeiboRowController.m */ = {isa = PBXFileReference; fileEncoding = 4; lastKnownFileType = sourcecode.c.objc; path = LYRWeiboRowController.m; sourceTree = "<group>"; };
		374B80E31AC2A39600D5F106 /* LYRIconAndUserNameRowController.h */ = {isa = PBXFileReference; fileEncoding = 4; lastKnownFileType = sourcecode.c.h; path = LYRIconAndUserNameRowController.h; sourceTree = "<group>"; };
		374B80E41AC2A39600D5F106 /* LYRIconAndUserNameRowController.m */ = {isa = PBXFileReference; fileEncoding = 4; lastKnownFileType = sourcecode.c.objc; path = LYRIconAndUserNameRowController.m; sourceTree = "<group>"; };
		374B80E61AC2A46100D5F106 /* LYRWeiboContentRowController.h */ = {isa = PBXFileReference; fileEncoding = 4; lastKnownFileType = sourcecode.c.h; path = LYRWeiboContentRowController.h; sourceTree = "<group>"; };
		374B80E71AC2A46100D5F106 /* LYRWeiboContentRowController.m */ = {isa = PBXFileReference; fileEncoding = 4; lastKnownFileType = sourcecode.c.objc; path = LYRWeiboContentRowController.m; sourceTree = "<group>"; };
		3773BC8F1AC39D08000B4262 /* LYRWeiboTool.h */ = {isa = PBXFileReference; fileEncoding = 4; lastKnownFileType = sourcecode.c.h; path = LYRWeiboTool.h; sourceTree = "<group>"; };
		3773BC901AC39D08000B4262 /* LYRWeiboTool.m */ = {isa = PBXFileReference; fileEncoding = 4; lastKnownFileType = sourcecode.c.objc; path = LYRWeiboTool.m; sourceTree = "<group>"; };
		3773BC971AC3A778000B4262 /* LYRBaseParametersRequest.h */ = {isa = PBXFileReference; fileEncoding = 4; lastKnownFileType = sourcecode.c.h; path = LYRBaseParametersRequest.h; sourceTree = "<group>"; };
		3773BC981AC3A778000B4262 /* LYRBaseParametersRequest.m */ = {isa = PBXFileReference; fileEncoding = 4; lastKnownFileType = sourcecode.c.objc; path = LYRBaseParametersRequest.m; sourceTree = "<group>"; };
		3773BC9C1AC3A82A000B4262 /* LYRWeiboParametersRequest.h */ = {isa = PBXFileReference; fileEncoding = 4; lastKnownFileType = sourcecode.c.h; path = LYRWeiboParametersRequest.h; sourceTree = "<group>"; };
		3773BC9D1AC3A82A000B4262 /* LYRWeiboParametersRequest.m */ = {isa = PBXFileReference; fileEncoding = 4; lastKnownFileType = sourcecode.c.objc; path = LYRWeiboParametersRequest.m; sourceTree = "<group>"; };
		3773BCA21AC3B36A000B4262 /* LYRHttpTool.h */ = {isa = PBXFileReference; fileEncoding = 4; lastKnownFileType = sourcecode.c.h; path = LYRHttpTool.h; sourceTree = "<group>"; };
		3773BCA31AC3B36A000B4262 /* LYRHttpTool.m */ = {isa = PBXFileReference; fileEncoding = 4; lastKnownFileType = sourcecode.c.objc; path = LYRHttpTool.m; sourceTree = "<group>"; };
		378B8A6C1AC52F340011D265 /* LYRNoLoginInterfaceController.h */ = {isa = PBXFileReference; fileEncoding = 4; lastKnownFileType = sourcecode.c.h; path = LYRNoLoginInterfaceController.h; sourceTree = "<group>"; };
		378B8A6D1AC52F340011D265 /* LYRNoLoginInterfaceController.m */ = {isa = PBXFileReference; fileEncoding = 4; lastKnownFileType = sourcecode.c.objc; path = LYRNoLoginInterfaceController.m; sourceTree = "<group>"; };
		4CC43D041AC6E2D8005A0812 /* LYRAppGroup.h */ = {isa = PBXFileReference; fileEncoding = 4; lastKnownFileType = sourcecode.c.h; path = LYRAppGroup.h; sourceTree = "<group>"; };
/* End PBXFileReference section */

/* Begin PBXFrameworksBuildPhase section */
		374B7FDB1AC2457B00D5F106 /* Frameworks */ = {
			isa = PBXFrameworksBuildPhase;
			buildActionMask = 2147483647;
			files = (
				374B807E1AC25BD100D5F106 /* LYRWeiboKit.framework in Frameworks */,
			);
			runOnlyForDeploymentPostprocessing = 0;
		};
		374B7FF41AC2457B00D5F106 /* Frameworks */ = {
			isa = PBXFrameworksBuildPhase;
			buildActionMask = 2147483647;
			files = (
			);
			runOnlyForDeploymentPostprocessing = 0;
		};
		374B80371AC2551300D5F106 /* Frameworks */ = {
			isa = PBXFrameworksBuildPhase;
			buildActionMask = 2147483647;
			files = (
				374B80DE1AC2996300D5F106 /* LYRWeiboKit.framework in Frameworks */,
			);
			runOnlyForDeploymentPostprocessing = 0;
		};
		374B80631AC25BD100D5F106 /* Frameworks */ = {
			isa = PBXFrameworksBuildPhase;
			buildActionMask = 2147483647;
			files = (
				374B80A01AC25C0A00D5F106 /* libsqlite3.dylib in Frameworks */,
			);
			runOnlyForDeploymentPostprocessing = 0;
		};
		374B806E1AC25BD100D5F106 /* Frameworks */ = {
			isa = PBXFrameworksBuildPhase;
			buildActionMask = 2147483647;
			files = (
				374B80721AC25BD100D5F106 /* LYRWeiboKit.framework in Frameworks */,
			);
			runOnlyForDeploymentPostprocessing = 0;
		};
/* End PBXFrameworksBuildPhase section */

/* Begin PBXGroup section */
		374B7FD51AC2457B00D5F106 = {
			isa = PBXGroup;
			children = (
				374B809F1AC25C0A00D5F106 /* libsqlite3.dylib */,
				374B7FE01AC2457B00D5F106 /* WatchWeibo */,
				374B7FFA1AC2457B00D5F106 /* WatchWeiboTests */,
				374B803B1AC2551300D5F106 /* WatchWeibo WatchKit Extension */,
				374B804D1AC2551300D5F106 /* WatchWeibo WatchKit App */,
				374B80681AC25BD100D5F106 /* LYRWeiboKit */,
				374B80771AC25BD100D5F106 /* LYRWeiboKitTests */,
				374B7FDF1AC2457B00D5F106 /* Products */,
			);
			sourceTree = "<group>";
		};
		374B7FDF1AC2457B00D5F106 /* Products */ = {
			isa = PBXGroup;
			children = (
				374B7FDE1AC2457B00D5F106 /* WatchWeibo.app */,
				374B7FF71AC2457B00D5F106 /* WatchWeiboTests.xctest */,
				374B803A1AC2551300D5F106 /* WatchWeibo WatchKit Extension.appex */,
				374B80491AC2551300D5F106 /* WatchWeibo WatchKit App.app */,
				374B80671AC25BD100D5F106 /* LYRWeiboKit.framework */,
				374B80711AC25BD100D5F106 /* LYRWeiboKitTests.xctest */,
			);
			name = Products;
			sourceTree = "<group>";
		};
		374B7FE01AC2457B00D5F106 /* WatchWeibo */ = {
			isa = PBXGroup;
			children = (
				3773BCA11AC3B357000B4262 /* Tool */,
				374B80DC1AC2907B00D5F106 /* WatchWeibo.entitlements */,
				374B80091AC2463300D5F106 /* OAuth授权 */,
				374B7FE51AC2457B00D5F106 /* AppDelegate.h */,
				374B7FE61AC2457B00D5F106 /* AppDelegate.m */,
				374B7FE81AC2457B00D5F106 /* ViewController.h */,
				374B7FE91AC2457B00D5F106 /* ViewController.m */,
				374B7FEB1AC2457B00D5F106 /* Main.storyboard */,
				374B7FEE1AC2457B00D5F106 /* Images.xcassets */,
				374B7FF01AC2457B00D5F106 /* LaunchScreen.xib */,
				374B7FE11AC2457B00D5F106 /* Supporting Files */,
			);
			path = WatchWeibo;
			sourceTree = "<group>";
		};
		374B7FE11AC2457B00D5F106 /* Supporting Files */ = {
			isa = PBXGroup;
			children = (
				374B7FE21AC2457B00D5F106 /* Info.plist */,
				374B7FE31AC2457B00D5F106 /* main.m */,
			);
			name = "Supporting Files";
			sourceTree = "<group>";
		};
		374B7FFA1AC2457B00D5F106 /* WatchWeiboTests */ = {
			isa = PBXGroup;
			children = (
				374B7FFD1AC2457B00D5F106 /* WatchWeiboTests.m */,
				374B7FFB1AC2457B00D5F106 /* Supporting Files */,
			);
			path = WatchWeiboTests;
			sourceTree = "<group>";
		};
		374B7FFB1AC2457B00D5F106 /* Supporting Files */ = {
			isa = PBXGroup;
			children = (
				374B7FFC1AC2457B00D5F106 /* Info.plist */,
			);
			name = "Supporting Files";
			sourceTree = "<group>";
		};
		374B80091AC2463300D5F106 /* OAuth授权 */ = {
			isa = PBXGroup;
			children = (
				374B80111AC24B2900D5F106 /* Lib */,
				374B800A1AC2463300D5F106 /* Controller */,
				374B800B1AC2463300D5F106 /* Model */,
				374B800C1AC2463300D5F106 /* View */,
			);
			path = "OAuth授权";
			sourceTree = "<group>";
		};
		374B800A1AC2463300D5F106 /* Controller */ = {
			isa = PBXGroup;
			children = (
				374B800E1AC246B400D5F106 /* LYROAuthViewController.h */,
				374B800F1AC246B400D5F106 /* LYROAuthViewController.m */,
			);
			path = Controller;
			sourceTree = "<group>";
		};
		374B800B1AC2463300D5F106 /* Model */ = {
			isa = PBXGroup;
			children = (
			);
			path = Model;
			sourceTree = "<group>";
		};
		374B800C1AC2463300D5F106 /* View */ = {
			isa = PBXGroup;
			children = (
			);
			path = View;
			sourceTree = "<group>";
		};
		374B80111AC24B2900D5F106 /* Lib */ = {
			isa = PBXGroup;
			children = (
				374B80121AC24B3800D5F106 /* AFNetworking */,
			);
			name = Lib;
			sourceTree = "<group>";
		};
		374B80121AC24B3800D5F106 /* AFNetworking */ = {
			isa = PBXGroup;
			children = (
				374B80131AC24B3800D5F106 /* AFHTTPRequestOperation.h */,
				374B80141AC24B3800D5F106 /* AFHTTPRequestOperation.m */,
				374B80151AC24B3800D5F106 /* AFHTTPRequestOperationManager.h */,
				374B80161AC24B3800D5F106 /* AFHTTPRequestOperationManager.m */,
				374B80171AC24B3800D5F106 /* AFHTTPSessionManager.h */,
				374B80181AC24B3800D5F106 /* AFHTTPSessionManager.m */,
				374B80191AC24B3800D5F106 /* AFNetworking.h */,
				374B801A1AC24B3800D5F106 /* AFNetworkReachabilityManager.h */,
				374B801B1AC24B3800D5F106 /* AFNetworkReachabilityManager.m */,
				374B801C1AC24B3800D5F106 /* AFSecurityPolicy.h */,
				374B801D1AC24B3800D5F106 /* AFSecurityPolicy.m */,
				374B801E1AC24B3800D5F106 /* AFURLConnectionOperation.h */,
				374B801F1AC24B3800D5F106 /* AFURLConnectionOperation.m */,
				374B80201AC24B3800D5F106 /* AFURLRequestSerialization.h */,
				374B80211AC24B3800D5F106 /* AFURLRequestSerialization.m */,
				374B80221AC24B3800D5F106 /* AFURLResponseSerialization.h */,
				374B80231AC24B3800D5F106 /* AFURLResponseSerialization.m */,
				374B80241AC24B3800D5F106 /* AFURLSessionManager.h */,
				374B80251AC24B3800D5F106 /* AFURLSessionManager.m */,
			);
			path = AFNetworking;
			sourceTree = "<group>";
		};
		374B803B1AC2551300D5F106 /* WatchWeibo WatchKit Extension */ = {
			isa = PBXGroup;
			children = (
				374B80DF1AC29E7E00D5F106 /* RowController */,
				374B80DD1AC290CC00D5F106 /* WatchWeibo WatchKit Extension.entitlements */,
				374B803F1AC2551300D5F106 /* InterfaceController.h */,
				374B80401AC2551300D5F106 /* InterfaceController.m */,
				374B80421AC2551300D5F106 /* NotificationController.h */,
				374B80431AC2551300D5F106 /* NotificationController.m */,
				374B80451AC2551300D5F106 /* Images.xcassets */,
				374B803C1AC2551300D5F106 /* Supporting Files */,
				374B805F1AC25B6500D5F106 /* LYRWeiboTableInterfaceController.h */,
				374B80601AC25B6500D5F106 /* LYRWeiboTableInterfaceController.m */,
				378B8A6C1AC52F340011D265 /* LYRNoLoginInterfaceController.h */,
				378B8A6D1AC52F340011D265 /* LYRNoLoginInterfaceController.m */,
			);
			path = "WatchWeibo WatchKit Extension";
			sourceTree = "<group>";
		};
		374B803C1AC2551300D5F106 /* Supporting Files */ = {
			isa = PBXGroup;
			children = (
				374B803D1AC2551300D5F106 /* Info.plist */,
				374B803E1AC2551300D5F106 /* PushNotificationPayload.apns */,
			);
			name = "Supporting Files";
			sourceTree = "<group>";
		};
		374B804D1AC2551300D5F106 /* WatchWeibo WatchKit App */ = {
			isa = PBXGroup;
			children = (
				374B80501AC2551300D5F106 /* Interface.storyboard */,
				374B80531AC2551300D5F106 /* Images.xcassets */,
				374B804E1AC2551300D5F106 /* Supporting Files */,
			);
			path = "WatchWeibo WatchKit App";
			sourceTree = "<group>";
		};
		374B804E1AC2551300D5F106 /* Supporting Files */ = {
			isa = PBXGroup;
			children = (
				374B804F1AC2551300D5F106 /* Info.plist */,
			);
			name = "Supporting Files";
			sourceTree = "<group>";
		};
		374B80681AC25BD100D5F106 /* LYRWeiboKit */ = {
			isa = PBXGroup;
			children = (
				3773BCA01AC3B2D0000B4262 /* OAuth */,
				3773BC831AC39A50000B4262 /* Tool */,
				374B80D31AC267D600D5F106 /* Model */,
				374B80871AC25BE200D5F106 /* Lib */,
				374B806B1AC25BD100D5F106 /* LYRWeiboKit.h */,
				374B80691AC25BD100D5F106 /* Supporting Files */,
				4CC43D041AC6E2D8005A0812 /* LYRAppGroup.h */,
			);
			path = LYRWeiboKit;
			sourceTree = "<group>";
		};
		374B80691AC25BD100D5F106 /* Supporting Files */ = {
			isa = PBXGroup;
			children = (
				374B806A1AC25BD100D5F106 /* Info.plist */,
			);
			name = "Supporting Files";
			sourceTree = "<group>";
		};
		374B80771AC25BD100D5F106 /* LYRWeiboKitTests */ = {
			isa = PBXGroup;
			children = (
				374B807A1AC25BD100D5F106 /* LYRWeiboKitTests.m */,
				374B80781AC25BD100D5F106 /* Supporting Files */,
			);
			path = LYRWeiboKitTests;
			sourceTree = "<group>";
		};
		374B80781AC25BD100D5F106 /* Supporting Files */ = {
			isa = PBXGroup;
			children = (
				374B80791AC25BD100D5F106 /* Info.plist */,
			);
			name = "Supporting Files";
			sourceTree = "<group>";
		};
		374B80871AC25BE200D5F106 /* Lib */ = {
			isa = PBXGroup;
			children = (
				374B80A41AC267B500D5F106 /* JSONModel */,
				374B80881AC25BF500D5F106 /* fmdb */,
			);
			name = Lib;
			sourceTree = "<group>";
		};
		374B80881AC25BF500D5F106 /* fmdb */ = {
			isa = PBXGroup;
			children = (
				374B80891AC25BF500D5F106 /* FMDatabase.h */,
				374B808A1AC25BF500D5F106 /* FMDatabase.m */,
				374B808B1AC25BF500D5F106 /* FMDatabaseAdditions.h */,
				374B808C1AC25BF500D5F106 /* FMDatabaseAdditions.m */,
				374B808D1AC25BF500D5F106 /* FMDatabasePool.h */,
				374B808E1AC25BF500D5F106 /* FMDatabasePool.m */,
				374B808F1AC25BF500D5F106 /* FMDatabaseQueue.h */,
				374B80901AC25BF500D5F106 /* FMDatabaseQueue.m */,
				374B80911AC25BF500D5F106 /* FMDB.h */,
				374B80921AC25BF500D5F106 /* FMResultSet.h */,
				374B80931AC25BF500D5F106 /* FMResultSet.m */,
			);
			path = fmdb;
			sourceTree = "<group>";
		};
		374B80A41AC267B500D5F106 /* JSONModel */ = {
			isa = PBXGroup;
			children = (
				374B80A51AC267B500D5F106 /* JSONModel */,
				374B80AE1AC267B500D5F106 /* JSONModelCategories */,
				374B80B11AC267B500D5F106 /* JSONModelLib.h */,
				374B80B21AC267B500D5F106 /* JSONModelNetworking */,
				374B80B91AC267B500D5F106 /* JSONModelTransformations */,
			);
			path = JSONModel;
			sourceTree = "<group>";
		};
		374B80A51AC267B500D5F106 /* JSONModel */ = {
			isa = PBXGroup;
			children = (
				374B80A61AC267B500D5F106 /* JSONModel.h */,
				374B80A71AC267B500D5F106 /* JSONModel.m */,
				374B80A81AC267B500D5F106 /* JSONModelArray.h */,
				374B80A91AC267B500D5F106 /* JSONModelArray.m */,
				374B80AA1AC267B500D5F106 /* JSONModelClassProperty.h */,
				374B80AB1AC267B500D5F106 /* JSONModelClassProperty.m */,
				374B80AC1AC267B500D5F106 /* JSONModelError.h */,
				374B80AD1AC267B500D5F106 /* JSONModelError.m */,
			);
			path = JSONModel;
			sourceTree = "<group>";
		};
		374B80AE1AC267B500D5F106 /* JSONModelCategories */ = {
			isa = PBXGroup;
			children = (
				374B80AF1AC267B500D5F106 /* NSArray+JSONModel.h */,
				374B80B01AC267B500D5F106 /* NSArray+JSONModel.m */,
			);
			path = JSONModelCategories;
			sourceTree = "<group>";
		};
		374B80B21AC267B500D5F106 /* JSONModelNetworking */ = {
			isa = PBXGroup;
			children = (
				374B80B31AC267B500D5F106 /* JSONAPI.h */,
				374B80B41AC267B500D5F106 /* JSONAPI.m */,
				374B80B51AC267B500D5F106 /* JSONHTTPClient.h */,
				374B80B61AC267B500D5F106 /* JSONHTTPClient.m */,
				374B80B71AC267B500D5F106 /* JSONModel+networking.h */,
				374B80B81AC267B500D5F106 /* JSONModel+networking.m */,
			);
			path = JSONModelNetworking;
			sourceTree = "<group>";
		};
		374B80B91AC267B500D5F106 /* JSONModelTransformations */ = {
			isa = PBXGroup;
			children = (
				374B80BA1AC267B500D5F106 /* JSONKeyMapper.h */,
				374B80BB1AC267B500D5F106 /* JSONKeyMapper.m */,
				374B80BC1AC267B500D5F106 /* JSONValueTransformer.h */,
				374B80BD1AC267B500D5F106 /* JSONValueTransformer.m */,
			);
			path = JSONModelTransformations;
			sourceTree = "<group>";
		};
		374B80D31AC267D600D5F106 /* Model */ = {
			isa = PBXGroup;
			children = (
				3773BC891AC39BB9000B4262 /* WebModels */,
				374B80D41AC267EA00D5F106 /* LYRWeibo.h */,
				374B80D51AC267EA00D5F106 /* LYRWeibo.m */,
				374B80D81AC2865D00D5F106 /* LYRUserInfo.h */,
				374B80D91AC2865D00D5F106 /* LYRUserInfo.m */,
			);
			name = Model;
			sourceTree = "<group>";
		};
		374B80DF1AC29E7E00D5F106 /* RowController */ = {
			isa = PBXGroup;
			children = (
				374B80E01AC29E9B00D5F106 /* LYRWeiboRowController.h */,
				374B80E11AC29E9B00D5F106 /* LYRWeiboRowController.m */,
				374B80E31AC2A39600D5F106 /* LYRIconAndUserNameRowController.h */,
				374B80E41AC2A39600D5F106 /* LYRIconAndUserNameRowController.m */,
				374B80E61AC2A46100D5F106 /* LYRWeiboContentRowController.h */,
				374B80E71AC2A46100D5F106 /* LYRWeiboContentRowController.m */,
			);
			name = RowController;
			sourceTree = "<group>";
		};
		3773BC831AC39A50000B4262 /* Tool */ = {
			isa = PBXGroup;
			children = (
				3773BC8F1AC39D08000B4262 /* LYRWeiboTool.h */,
				3773BC901AC39D08000B4262 /* LYRWeiboTool.m */,
			);
			name = Tool;
			sourceTree = "<group>";
		};
		3773BC891AC39BB9000B4262 /* WebModels */ = {
			isa = PBXGroup;
			children = (
				3773BC9B1AC3A806000B4262 /* weiboId */,
				3773BC8A1AC39BCA000B4262 /* Base */,
			);
			name = WebModels;
			sourceTree = "<group>";
		};
		3773BC8A1AC39BCA000B4262 /* Base */ = {
			isa = PBXGroup;
			children = (
				3773BC971AC3A778000B4262 /* LYRBaseParametersRequest.h */,
				3773BC981AC3A778000B4262 /* LYRBaseParametersRequest.m */,
			);
			name = Base;
			sourceTree = "<group>";
		};
		3773BC9B1AC3A806000B4262 /* weiboId */ = {
			isa = PBXGroup;
			children = (
				3773BC9C1AC3A82A000B4262 /* LYRWeiboParametersRequest.h */,
				3773BC9D1AC3A82A000B4262 /* LYRWeiboParametersRequest.m */,
			);
			name = weiboId;
			sourceTree = "<group>";
		};
		3773BCA01AC3B2D0000B4262 /* OAuth */ = {
			isa = PBXGroup;
			children = (
				374B80331AC24FAD00D5F106 /* LYRAuthInfoTool.h */,
				374B80341AC24FAD00D5F106 /* LYRAuthInfoTool.m */,
				374B802F1AC24EC200D5F106 /* LYRAuthInfo.h */,
				374B80301AC24EC200D5F106 /* LYRAuthInfo.m */,
			);
			name = OAuth;
			sourceTree = "<group>";
		};
		3773BCA11AC3B357000B4262 /* Tool */ = {
			isa = PBXGroup;
			children = (
				3773BCA21AC3B36A000B4262 /* LYRHttpTool.h */,
				3773BCA31AC3B36A000B4262 /* LYRHttpTool.m */,
			);
			name = Tool;
			sourceTree = "<group>";
		};
/* End PBXGroup section */

/* Begin PBXHeadersBuildPhase section */
		374B80641AC25BD100D5F106 /* Headers */ = {
			isa = PBXHeadersBuildPhase;
			buildActionMask = 2147483647;
			files = (
				374B809A1AC25BF500D5F106 /* FMDatabaseQueue.h in Headers */,
				374B80DA1AC2865D00D5F106 /* LYRUserInfo.h in Headers */,
				374B809D1AC25BF500D5F106 /* FMResultSet.h in Headers */,
				374B80C81AC267B500D5F106 /* JSONModelLib.h in Headers */,
				374B80C21AC267B500D5F106 /* JSONModelClassProperty.h in Headers */,
				374B80981AC25BF500D5F106 /* FMDatabasePool.h in Headers */,
				374B80CB1AC267B500D5F106 /* JSONHTTPClient.h in Headers */,
				374B80941AC25BF500D5F106 /* FMDatabase.h in Headers */,
				4CC43D051AC6E2D8005A0812 /* LYRAppGroup.h in Headers */,
				374B80D61AC267EA00D5F106 /* LYRWeibo.h in Headers */,
				374B80BE1AC267B500D5F106 /* JSONModel.h in Headers */,
				374B809C1AC25BF500D5F106 /* FMDB.h in Headers */,
				374B80C61AC267B500D5F106 /* NSArray+JSONModel.h in Headers */,
				374B80CD1AC267B500D5F106 /* JSONModel+networking.h in Headers */,
				374B806C1AC25BD100D5F106 /* LYRWeiboKit.h in Headers */,
				374B80CF1AC267B500D5F106 /* JSONKeyMapper.h in Headers */,
				374B80961AC25BF500D5F106 /* FMDatabaseAdditions.h in Headers */,
				374B80C91AC267B500D5F106 /* JSONAPI.h in Headers */,
				374B80C01AC267B500D5F106 /* JSONModelArray.h in Headers */,
				374B80D11AC267B500D5F106 /* JSONValueTransformer.h in Headers */,
				3773BC951AC3A5CE000B4262 /* LYRAuthInfoTool.h in Headers */,
				374B80C41AC267B500D5F106 /* JSONModelError.h in Headers */,
				3773BC961AC3A5D1000B4262 /* LYRAuthInfo.h in Headers */,
				3773BC9E1AC3A82A000B4262 /* LYRWeiboParametersRequest.h in Headers */,
				3773BC911AC39D08000B4262 /* LYRWeiboTool.h in Headers */,
				3773BC991AC3A778000B4262 /* LYRBaseParametersRequest.h in Headers */,
			);
			runOnlyForDeploymentPostprocessing = 0;
		};
/* End PBXHeadersBuildPhase section */

/* Begin PBXNativeTarget section */
		374B7FDD1AC2457B00D5F106 /* WatchWeibo */ = {
			isa = PBXNativeTarget;
			buildConfigurationList = 374B80011AC2457B00D5F106 /* Build configuration list for PBXNativeTarget "WatchWeibo" */;
			buildPhases = (
				374B7FDA1AC2457B00D5F106 /* Sources */,
				374B7FDB1AC2457B00D5F106 /* Frameworks */,
				374B7FDC1AC2457B00D5F106 /* Resources */,
				374B805E1AC2551300D5F106 /* Embed App Extensions */,
				374B80831AC25BD100D5F106 /* Embed Frameworks */,
			);
			buildRules = (
			);
			dependencies = (
				374B80561AC2551300D5F106 /* PBXTargetDependency */,
				374B807D1AC25BD100D5F106 /* PBXTargetDependency */,
			);
			name = WatchWeibo;
			productName = WatchWeibo;
			productReference = 374B7FDE1AC2457B00D5F106 /* WatchWeibo.app */;
			productType = "com.apple.product-type.application";
		};
		374B7FF61AC2457B00D5F106 /* WatchWeiboTests */ = {
			isa = PBXNativeTarget;
			buildConfigurationList = 374B80041AC2457B00D5F106 /* Build configuration list for PBXNativeTarget "WatchWeiboTests" */;
			buildPhases = (
				374B7FF31AC2457B00D5F106 /* Sources */,
				374B7FF41AC2457B00D5F106 /* Frameworks */,
				374B7FF51AC2457B00D5F106 /* Resources */,
			);
			buildRules = (
			);
			dependencies = (
				374B7FF91AC2457B00D5F106 /* PBXTargetDependency */,
			);
			name = WatchWeiboTests;
			productName = WatchWeiboTests;
			productReference = 374B7FF71AC2457B00D5F106 /* WatchWeiboTests.xctest */;
			productType = "com.apple.product-type.bundle.unit-test";
		};
		374B80391AC2551300D5F106 /* WatchWeibo WatchKit Extension */ = {
			isa = PBXNativeTarget;
			buildConfigurationList = 374B805B1AC2551300D5F106 /* Build configuration list for PBXNativeTarget "WatchWeibo WatchKit Extension" */;
			buildPhases = (
				374B80361AC2551300D5F106 /* Sources */,
				374B80371AC2551300D5F106 /* Frameworks */,
				374B80381AC2551300D5F106 /* Resources */,
			);
			buildRules = (
			);
			dependencies = (
				374B804C1AC2551300D5F106 /* PBXTargetDependency */,
			);
			name = "WatchWeibo WatchKit Extension";
			productName = "WatchWeibo WatchKit Extension";
			productReference = 374B803A1AC2551300D5F106 /* WatchWeibo WatchKit Extension.appex */;
			productType = "com.apple.product-type.watchkit-extension";
		};
		374B80481AC2551300D5F106 /* WatchWeibo WatchKit App */ = {
			isa = PBXNativeTarget;
			buildConfigurationList = 374B80581AC2551300D5F106 /* Build configuration list for PBXNativeTarget "WatchWeibo WatchKit App" */;
			buildPhases = (
				374B80471AC2551300D5F106 /* Resources */,
			);
			buildRules = (
			);
			dependencies = (
			);
			name = "WatchWeibo WatchKit App";
			productName = "WatchWeibo WatchKit App";
			productReference = 374B80491AC2551300D5F106 /* WatchWeibo WatchKit App.app */;
			productType = "com.apple.product-type.application.watchapp";
		};
		374B80661AC25BD100D5F106 /* LYRWeiboKit */ = {
			isa = PBXNativeTarget;
			buildConfigurationList = 374B80801AC25BD100D5F106 /* Build configuration list for PBXNativeTarget "LYRWeiboKit" */;
			buildPhases = (
				374B80621AC25BD100D5F106 /* Sources */,
				374B80631AC25BD100D5F106 /* Frameworks */,
				374B80641AC25BD100D5F106 /* Headers */,
				374B80651AC25BD100D5F106 /* Resources */,
			);
			buildRules = (
			);
			dependencies = (
			);
			name = LYRWeiboKit;
			productName = LYRWeiboKit;
			productReference = 374B80671AC25BD100D5F106 /* LYRWeiboKit.framework */;
			productType = "com.apple.product-type.framework";
		};
		374B80701AC25BD100D5F106 /* LYRWeiboKitTests */ = {
			isa = PBXNativeTarget;
			buildConfigurationList = 374B80841AC25BD100D5F106 /* Build configuration list for PBXNativeTarget "LYRWeiboKitTests" */;
			buildPhases = (
				374B806D1AC25BD100D5F106 /* Sources */,
				374B806E1AC25BD100D5F106 /* Frameworks */,
				374B806F1AC25BD100D5F106 /* Resources */,
			);
			buildRules = (
			);
			dependencies = (
				374B80741AC25BD100D5F106 /* PBXTargetDependency */,
				374B80761AC25BD100D5F106 /* PBXTargetDependency */,
			);
			name = LYRWeiboKitTests;
			productName = LYRWeiboKitTests;
			productReference = 374B80711AC25BD100D5F106 /* LYRWeiboKitTests.xctest */;
			productType = "com.apple.product-type.bundle.unit-test";
		};
/* End PBXNativeTarget section */

/* Begin PBXProject section */
		374B7FD61AC2457B00D5F106 /* Project object */ = {
			isa = PBXProject;
			attributes = {
				CLASSPREFIX = LYR;
				LastUpgradeCheck = 0620;
				ORGANIZATIONNAME = Michael;
				TargetAttributes = {
					374B7FDD1AC2457B00D5F106 = {
						CreatedOnToolsVersion = 6.2;
						SystemCapabilities = {
							com.apple.ApplicationGroups.iOS = {
								enabled = 1;
							};
						};
					};
					374B7FF61AC2457B00D5F106 = {
						CreatedOnToolsVersion = 6.2;
						TestTargetID = 374B7FDD1AC2457B00D5F106;
					};
					374B80391AC2551300D5F106 = {
						CreatedOnToolsVersion = 6.2;
						SystemCapabilities = {
							com.apple.ApplicationGroups.iOS = {
								enabled = 1;
							};
						};
					};
					374B80481AC2551300D5F106 = {
						CreatedOnToolsVersion = 6.2;
					};
					374B80661AC25BD100D5F106 = {
						CreatedOnToolsVersion = 6.2;
					};
					374B80701AC25BD100D5F106 = {
						CreatedOnToolsVersion = 6.2;
						TestTargetID = 374B7FDD1AC2457B00D5F106;
					};
				};
			};
			buildConfigurationList = 374B7FD91AC2457B00D5F106 /* Build configuration list for PBXProject "WatchWeibo" */;
			compatibilityVersion = "Xcode 3.2";
			developmentRegion = English;
			hasScannedForEncodings = 0;
			knownRegions = (
				en,
				Base,
			);
			mainGroup = 374B7FD51AC2457B00D5F106;
			productRefGroup = 374B7FDF1AC2457B00D5F106 /* Products */;
			projectDirPath = "";
			projectRoot = "";
			targets = (
				374B7FDD1AC2457B00D5F106 /* WatchWeibo */,
				374B7FF61AC2457B00D5F106 /* WatchWeiboTests */,
				374B80391AC2551300D5F106 /* WatchWeibo WatchKit Extension */,
				374B80481AC2551300D5F106 /* WatchWeibo WatchKit App */,
				374B80661AC25BD100D5F106 /* LYRWeiboKit */,
				374B80701AC25BD100D5F106 /* LYRWeiboKitTests */,
			);
		};
/* End PBXProject section */

/* Begin PBXResourcesBuildPhase section */
		374B7FDC1AC2457B00D5F106 /* Resources */ = {
			isa = PBXResourcesBuildPhase;
			buildActionMask = 2147483647;
			files = (
				374B7FED1AC2457B00D5F106 /* Main.storyboard in Resources */,
				374B7FF21AC2457B00D5F106 /* LaunchScreen.xib in Resources */,
				374B7FEF1AC2457B00D5F106 /* Images.xcassets in Resources */,
			);
			runOnlyForDeploymentPostprocessing = 0;
		};
		374B7FF51AC2457B00D5F106 /* Resources */ = {
			isa = PBXResourcesBuildPhase;
			buildActionMask = 2147483647;
			files = (
			);
			runOnlyForDeploymentPostprocessing = 0;
		};
		374B80381AC2551300D5F106 /* Resources */ = {
			isa = PBXResourcesBuildPhase;
			buildActionMask = 2147483647;
			files = (
				374B80461AC2551300D5F106 /* Images.xcassets in Resources */,
				374B804A1AC2551300D5F106 /* WatchWeibo WatchKit App.app in Resources */,
			);
			runOnlyForDeploymentPostprocessing = 0;
		};
		374B80471AC2551300D5F106 /* Resources */ = {
			isa = PBXResourcesBuildPhase;
			buildActionMask = 2147483647;
			files = (
				374B80521AC2551300D5F106 /* Interface.storyboard in Resources */,
				374B80541AC2551300D5F106 /* Images.xcassets in Resources */,
			);
			runOnlyForDeploymentPostprocessing = 0;
		};
		374B80651AC25BD100D5F106 /* Resources */ = {
			isa = PBXResourcesBuildPhase;
			buildActionMask = 2147483647;
			files = (
			);
			runOnlyForDeploymentPostprocessing = 0;
		};
		374B806F1AC25BD100D5F106 /* Resources */ = {
			isa = PBXResourcesBuildPhase;
			buildActionMask = 2147483647;
			files = (
			);
			runOnlyForDeploymentPostprocessing = 0;
		};
/* End PBXResourcesBuildPhase section */

/* Begin PBXSourcesBuildPhase section */
		374B7FDA1AC2457B00D5F106 /* Sources */ = {
			isa = PBXSourcesBuildPhase;
			buildActionMask = 2147483647;
			files = (
				374B7FEA1AC2457B00D5F106 /* ViewController.m in Sources */,
				374B802A1AC24B3800D5F106 /* AFSecurityPolicy.m in Sources */,
				374B7FE71AC2457B00D5F106 /* AppDelegate.m in Sources */,
				374B80271AC24B3800D5F106 /* AFHTTPRequestOperationManager.m in Sources */,
				374B802B1AC24B3800D5F106 /* AFURLConnectionOperation.m in Sources */,
				3773BCA41AC3B36A000B4262 /* LYRHttpTool.m in Sources */,
				374B80261AC24B3800D5F106 /* AFHTTPRequestOperation.m in Sources */,
				374B80101AC246B400D5F106 /* LYROAuthViewController.m in Sources */,
				374B802C1AC24B3800D5F106 /* AFURLRequestSerialization.m in Sources */,
				374B80281AC24B3800D5F106 /* AFHTTPSessionManager.m in Sources */,
				374B80291AC24B3800D5F106 /* AFNetworkReachabilityManager.m in Sources */,
				374B802D1AC24B3800D5F106 /* AFURLResponseSerialization.m in Sources */,
				374B802E1AC24B3800D5F106 /* AFURLSessionManager.m in Sources */,
				374B7FE41AC2457B00D5F106 /* main.m in Sources */,
			);
			runOnlyForDeploymentPostprocessing = 0;
		};
		374B7FF31AC2457B00D5F106 /* Sources */ = {
			isa = PBXSourcesBuildPhase;
			buildActionMask = 2147483647;
			files = (
				374B7FFE1AC2457B00D5F106 /* WatchWeiboTests.m in Sources */,
			);
			runOnlyForDeploymentPostprocessing = 0;
		};
		374B80361AC2551300D5F106 /* Sources */ = {
			isa = PBXSourcesBuildPhase;
			buildActionMask = 2147483647;
			files = (
				378B8A6E1AC52F340011D265 /* LYRNoLoginInterfaceController.m in Sources */,
				374B80441AC2551300D5F106 /* NotificationController.m in Sources */,
				374B80411AC2551300D5F106 /* InterfaceController.m in Sources */,
				374B80611AC25B6500D5F106 /* LYRWeiboTableInterfaceController.m in Sources */,
				374B80E51AC2A39600D5F106 /* LYRIconAndUserNameRowController.m in Sources */,
				374B80E21AC29E9B00D5F106 /* LYRWeiboRowController.m in Sources */,
				374B80E81AC2A46100D5F106 /* LYRWeiboContentRowController.m in Sources */,
			);
			runOnlyForDeploymentPostprocessing = 0;
		};
		374B80621AC25BD100D5F106 /* Sources */ = {
			isa = PBXSourcesBuildPhase;
			buildActionMask = 2147483647;
			files = (
				3773BC9A1AC3A778000B4262 /* LYRBaseParametersRequest.m in Sources */,
				374B80CC1AC267B500D5F106 /* JSONHTTPClient.m in Sources */,
				374B80951AC25BF500D5F106 /* FMDatabase.m in Sources */,
				374B80D71AC267EA00D5F106 /* LYRWeibo.m in Sources */,
				3773BC9F1AC3A82A000B4262 /* LYRWeiboParametersRequest.m in Sources */,
				374B80C31AC267B500D5F106 /* JSONModelClassProperty.m in Sources */,
				374B809B1AC25BF500D5F106 /* FMDatabaseQueue.m in Sources */,
				374B80D01AC267B500D5F106 /* JSONKeyMapper.m in Sources */,
				374B80C51AC267B500D5F106 /* JSONModelError.m in Sources */,
				374B80991AC25BF500D5F106 /* FMDatabasePool.m in Sources */,
				374B80BF1AC267B500D5F106 /* JSONModel.m in Sources */,
				374B80D21AC267B500D5F106 /* JSONValueTransformer.m in Sources */,
				374B80C71AC267B500D5F106 /* NSArray+JSONModel.m in Sources */,
				374B80CE1AC267B500D5F106 /* JSONModel+networking.m in Sources */,
				3773BC921AC39D08000B4262 /* LYRWeiboTool.m in Sources */,
				3773BC931AC3A5A5000B4262 /* LYRAuthInfoTool.m in Sources */,
				374B80DB1AC2865D00D5F106 /* LYRUserInfo.m in Sources */,
				3773BC941AC3A5A7000B4262 /* LYRAuthInfo.m in Sources */,
				374B80971AC25BF500D5F106 /* FMDatabaseAdditions.m in Sources */,
				374B809E1AC25BF500D5F106 /* FMResultSet.m in Sources */,
				374B80CA1AC267B500D5F106 /* JSONAPI.m in Sources */,
				374B80C11AC267B500D5F106 /* JSONModelArray.m in Sources */,
			);
			runOnlyForDeploymentPostprocessing = 0;
		};
		374B806D1AC25BD100D5F106 /* Sources */ = {
			isa = PBXSourcesBuildPhase;
			buildActionMask = 2147483647;
			files = (
				374B807B1AC25BD100D5F106 /* LYRWeiboKitTests.m in Sources */,
			);
			runOnlyForDeploymentPostprocessing = 0;
		};
/* End PBXSourcesBuildPhase section */

/* Begin PBXTargetDependency section */
		374B7FF91AC2457B00D5F106 /* PBXTargetDependency */ = {
			isa = PBXTargetDependency;
			target = 374B7FDD1AC2457B00D5F106 /* WatchWeibo */;
			targetProxy = 374B7FF81AC2457B00D5F106 /* PBXContainerItemProxy */;
		};
		374B804C1AC2551300D5F106 /* PBXTargetDependency */ = {
			isa = PBXTargetDependency;
			target = 374B80481AC2551300D5F106 /* WatchWeibo WatchKit App */;
			targetProxy = 374B804B1AC2551300D5F106 /* PBXContainerItemProxy */;
		};
		374B80561AC2551300D5F106 /* PBXTargetDependency */ = {
			isa = PBXTargetDependency;
			target = 374B80391AC2551300D5F106 /* WatchWeibo WatchKit Extension */;
			targetProxy = 374B80551AC2551300D5F106 /* PBXContainerItemProxy */;
		};
		374B80741AC25BD100D5F106 /* PBXTargetDependency */ = {
			isa = PBXTargetDependency;
			target = 374B80661AC25BD100D5F106 /* LYRWeiboKit */;
			targetProxy = 374B80731AC25BD100D5F106 /* PBXContainerItemProxy */;
		};
		374B80761AC25BD100D5F106 /* PBXTargetDependency */ = {
			isa = PBXTargetDependency;
			target = 374B7FDD1AC2457B00D5F106 /* WatchWeibo */;
			targetProxy = 374B80751AC25BD100D5F106 /* PBXContainerItemProxy */;
		};
		374B807D1AC25BD100D5F106 /* PBXTargetDependency */ = {
			isa = PBXTargetDependency;
			target = 374B80661AC25BD100D5F106 /* LYRWeiboKit */;
			targetProxy = 374B807C1AC25BD100D5F106 /* PBXContainerItemProxy */;
		};
/* End PBXTargetDependency section */

/* Begin PBXVariantGroup section */
		374B7FEB1AC2457B00D5F106 /* Main.storyboard */ = {
			isa = PBXVariantGroup;
			children = (
				374B7FEC1AC2457B00D5F106 /* Base */,
			);
			name = Main.storyboard;
			sourceTree = "<group>";
		};
		374B7FF01AC2457B00D5F106 /* LaunchScreen.xib */ = {
			isa = PBXVariantGroup;
			children = (
				374B7FF11AC2457B00D5F106 /* Base */,
			);
			name = LaunchScreen.xib;
			sourceTree = "<group>";
		};
		374B80501AC2551300D5F106 /* Interface.storyboard */ = {
			isa = PBXVariantGroup;
			children = (
				374B80511AC2551300D5F106 /* Base */,
			);
			name = Interface.storyboard;
			sourceTree = "<group>";
		};
/* End PBXVariantGroup section */

/* Begin XCBuildConfiguration section */
		374B7FFF1AC2457B00D5F106 /* Debug */ = {
			isa = XCBuildConfiguration;
			buildSettings = {
				ALWAYS_SEARCH_USER_PATHS = NO;
				CLANG_CXX_LANGUAGE_STANDARD = "gnu++0x";
				CLANG_CXX_LIBRARY = "libc++";
				CLANG_ENABLE_MODULES = YES;
				CLANG_ENABLE_OBJC_ARC = YES;
				CLANG_WARN_BOOL_CONVERSION = YES;
				CLANG_WARN_CONSTANT_CONVERSION = YES;
				CLANG_WARN_DIRECT_OBJC_ISA_USAGE = YES_ERROR;
				CLANG_WARN_EMPTY_BODY = YES;
				CLANG_WARN_ENUM_CONVERSION = YES;
				CLANG_WARN_INT_CONVERSION = YES;
				CLANG_WARN_OBJC_ROOT_CLASS = YES_ERROR;
				CLANG_WARN_UNREACHABLE_CODE = YES;
				CLANG_WARN__DUPLICATE_METHOD_MATCH = YES;
				"CODE_SIGN_IDENTITY[sdk=iphoneos*]" = "iPhone Developer";
				COPY_PHASE_STRIP = NO;
				ENABLE_STRICT_OBJC_MSGSEND = YES;
				GCC_C_LANGUAGE_STANDARD = gnu99;
				GCC_DYNAMIC_NO_PIC = NO;
				GCC_OPTIMIZATION_LEVEL = 0;
				GCC_PREPROCESSOR_DEFINITIONS = (
					"DEBUG=1",
					"$(inherited)",
				);
				GCC_SYMBOLS_PRIVATE_EXTERN = NO;
				GCC_WARN_64_TO_32_BIT_CONVERSION = YES;
				GCC_WARN_ABOUT_RETURN_TYPE = YES_ERROR;
				GCC_WARN_UNDECLARED_SELECTOR = YES;
				GCC_WARN_UNINITIALIZED_AUTOS = YES_AGGRESSIVE;
				GCC_WARN_UNUSED_FUNCTION = YES;
				GCC_WARN_UNUSED_VARIABLE = YES;
				IPHONEOS_DEPLOYMENT_TARGET = 8.2;
				MTL_ENABLE_DEBUG_INFO = YES;
				ONLY_ACTIVE_ARCH = YES;
				SDKROOT = iphoneos;
				TARGETED_DEVICE_FAMILY = "1,2";
			};
			name = Debug;
		};
		374B80001AC2457B00D5F106 /* Release */ = {
			isa = XCBuildConfiguration;
			buildSettings = {
				ALWAYS_SEARCH_USER_PATHS = NO;
				CLANG_CXX_LANGUAGE_STANDARD = "gnu++0x";
				CLANG_CXX_LIBRARY = "libc++";
				CLANG_ENABLE_MODULES = YES;
				CLANG_ENABLE_OBJC_ARC = YES;
				CLANG_WARN_BOOL_CONVERSION = YES;
				CLANG_WARN_CONSTANT_CONVERSION = YES;
				CLANG_WARN_DIRECT_OBJC_ISA_USAGE = YES_ERROR;
				CLANG_WARN_EMPTY_BODY = YES;
				CLANG_WARN_ENUM_CONVERSION = YES;
				CLANG_WARN_INT_CONVERSION = YES;
				CLANG_WARN_OBJC_ROOT_CLASS = YES_ERROR;
				CLANG_WARN_UNREACHABLE_CODE = YES;
				CLANG_WARN__DUPLICATE_METHOD_MATCH = YES;
				"CODE_SIGN_IDENTITY[sdk=iphoneos*]" = "iPhone Developer";
				COPY_PHASE_STRIP = NO;
				ENABLE_NS_ASSERTIONS = NO;
				ENABLE_STRICT_OBJC_MSGSEND = YES;
				GCC_C_LANGUAGE_STANDARD = gnu99;
				GCC_WARN_64_TO_32_BIT_CONVERSION = YES;
				GCC_WARN_ABOUT_RETURN_TYPE = YES_ERROR;
				GCC_WARN_UNDECLARED_SELECTOR = YES;
				GCC_WARN_UNINITIALIZED_AUTOS = YES_AGGRESSIVE;
				GCC_WARN_UNUSED_FUNCTION = YES;
				GCC_WARN_UNUSED_VARIABLE = YES;
				IPHONEOS_DEPLOYMENT_TARGET = 8.2;
				MTL_ENABLE_DEBUG_INFO = NO;
				SDKROOT = iphoneos;
				TARGETED_DEVICE_FAMILY = "1,2";
				VALIDATE_PRODUCT = YES;
			};
			name = Release;
		};
		374B80021AC2457B00D5F106 /* Debug */ = {
			isa = XCBuildConfiguration;
			buildSettings = {
				ASSETCATALOG_COMPILER_APPICON_NAME = AppIcon;
				CODE_SIGN_ENTITLEMENTS = WatchWeibo/WatchWeibo.entitlements;
				CODE_SIGN_IDENTITY = "iPhone Developer";
				"CODE_SIGN_IDENTITY[sdk=iphoneos*]" = "iPhone Developer";
				INFOPLIST_FILE = WatchWeibo/Info.plist;
				LD_RUNPATH_SEARCH_PATHS = "$(inherited) @executable_path/Frameworks";
				PRODUCT_NAME = "$(TARGET_NAME)";
				PROVISIONING_PROFILE = "";
			};
			name = Debug;
		};
		374B80031AC2457B00D5F106 /* Release */ = {
			isa = XCBuildConfiguration;
			buildSettings = {
				ASSETCATALOG_COMPILER_APPICON_NAME = AppIcon;
				CODE_SIGN_ENTITLEMENTS = WatchWeibo/WatchWeibo.entitlements;
				CODE_SIGN_IDENTITY = "iPhone Developer";
				"CODE_SIGN_IDENTITY[sdk=iphoneos*]" = "iPhone Developer";
				INFOPLIST_FILE = WatchWeibo/Info.plist;
				LD_RUNPATH_SEARCH_PATHS = "$(inherited) @executable_path/Frameworks";
				PRODUCT_NAME = "$(TARGET_NAME)";
				PROVISIONING_PROFILE = "";
			};
			name = Release;
		};
		374B80051AC2457B00D5F106 /* Debug */ = {
			isa = XCBuildConfiguration;
			buildSettings = {
				BUNDLE_LOADER = "$(TEST_HOST)";
				FRAMEWORK_SEARCH_PATHS = (
					"$(SDKROOT)/Developer/Library/Frameworks",
					"$(inherited)",
				);
				GCC_PREPROCESSOR_DEFINITIONS = (
					"DEBUG=1",
					"$(inherited)",
				);
				INFOPLIST_FILE = WatchWeiboTests/Info.plist;
				LD_RUNPATH_SEARCH_PATHS = "$(inherited) @executable_path/Frameworks @loader_path/Frameworks";
				PRODUCT_NAME = "$(TARGET_NAME)";
				TEST_HOST = "$(BUILT_PRODUCTS_DIR)/WatchWeibo.app/WatchWeibo";
			};
			name = Debug;
		};
		374B80061AC2457B00D5F106 /* Release */ = {
			isa = XCBuildConfiguration;
			buildSettings = {
				BUNDLE_LOADER = "$(TEST_HOST)";
				FRAMEWORK_SEARCH_PATHS = (
					"$(SDKROOT)/Developer/Library/Frameworks",
					"$(inherited)",
				);
				INFOPLIST_FILE = WatchWeiboTests/Info.plist;
				LD_RUNPATH_SEARCH_PATHS = "$(inherited) @executable_path/Frameworks @loader_path/Frameworks";
				PRODUCT_NAME = "$(TARGET_NAME)";
				TEST_HOST = "$(BUILT_PRODUCTS_DIR)/WatchWeibo.app/WatchWeibo";
			};
			name = Release;
		};
		374B80591AC2551300D5F106 /* Debug */ = {
			isa = XCBuildConfiguration;
			buildSettings = {
				ASSETCATALOG_COMPILER_APPICON_NAME = AppIcon;
				CODE_SIGN_IDENTITY = "iPhone Developer";
				GCC_PREPROCESSOR_DEFINITIONS = (
					"DEBUG=1",
					"$(inherited)",
				);
				IBSC_MODULE = WatchWeibo_WatchKit_Extension;
				INFOPLIST_FILE = "WatchWeibo WatchKit App/Info.plist";
				PRODUCT_NAME = "$(TARGET_NAME)";
				SKIP_INSTALL = YES;
				TARGETED_DEVICE_FAMILY = 4;
				"TARGETED_DEVICE_FAMILY[sdk=iphonesimulator*]" = "1,4";
			};
			name = Debug;
		};
		374B805A1AC2551300D5F106 /* Release */ = {
			isa = XCBuildConfiguration;
			buildSettings = {
				ASSETCATALOG_COMPILER_APPICON_NAME = AppIcon;
				CODE_SIGN_IDENTITY = "iPhone Developer";
				IBSC_MODULE = WatchWeibo_WatchKit_Extension;
				INFOPLIST_FILE = "WatchWeibo WatchKit App/Info.plist";
				PRODUCT_NAME = "$(TARGET_NAME)";
				SKIP_INSTALL = YES;
				TARGETED_DEVICE_FAMILY = 4;
				"TARGETED_DEVICE_FAMILY[sdk=iphonesimulator*]" = "1,4";
			};
			name = Release;
		};
		374B805C1AC2551300D5F106 /* Debug */ = {
			isa = XCBuildConfiguration;
			buildSettings = {
				CODE_SIGN_ENTITLEMENTS = "WatchWeibo WatchKit Extension/WatchWeibo WatchKit Extension.entitlements";
				CODE_SIGN_IDENTITY = "iPhone Developer";
				"CODE_SIGN_IDENTITY[sdk=iphoneos*]" = "iPhone Developer";
				GCC_PREPROCESSOR_DEFINITIONS = (
					"DEBUG=1",
					"$(inherited)",
				);
				INFOPLIST_FILE = "WatchWeibo WatchKit Extension/Info.plist";
				LD_RUNPATH_SEARCH_PATHS = "$(inherited) @executable_path/Frameworks @executable_path/../../Frameworks";
				PRODUCT_NAME = "${TARGET_NAME}";
				PROVISIONING_PROFILE = "";
				SKIP_INSTALL = YES;
			};
			name = Debug;
		};
		374B805D1AC2551300D5F106 /* Release */ = {
			isa = XCBuildConfiguration;
			buildSettings = {
				CODE_SIGN_ENTITLEMENTS = "WatchWeibo WatchKit Extension/WatchWeibo WatchKit Extension.entitlements";
				CODE_SIGN_IDENTITY = "iPhone Developer";
				"CODE_SIGN_IDENTITY[sdk=iphoneos*]" = "iPhone Developer";
				INFOPLIST_FILE = "WatchWeibo WatchKit Extension/Info.plist";
				LD_RUNPATH_SEARCH_PATHS = "$(inherited) @executable_path/Frameworks @executable_path/../../Frameworks";
				PRODUCT_NAME = "${TARGET_NAME}";
				PROVISIONING_PROFILE = "";
				SKIP_INSTALL = YES;
			};
			name = Release;
		};
		374B80811AC25BD100D5F106 /* Debug */ = {
			isa = XCBuildConfiguration;
			buildSettings = {
				APPLICATION_EXTENSION_API_ONLY = YES;
				CURRENT_PROJECT_VERSION = 1;
				DEFINES_MODULE = YES;
				DYLIB_COMPATIBILITY_VERSION = 1;
				DYLIB_CURRENT_VERSION = 1;
				DYLIB_INSTALL_NAME_BASE = "@rpath";
				GCC_PREPROCESSOR_DEFINITIONS = (
					"DEBUG=1",
					"$(inherited)",
				);
				INFOPLIST_FILE = LYRWeiboKit/Info.plist;
				INSTALL_PATH = "$(LOCAL_LIBRARY_DIR)/Frameworks";
				LD_RUNPATH_SEARCH_PATHS = "$(inherited) @executable_path/Frameworks @loader_path/Frameworks";
				PRODUCT_NAME = "$(TARGET_NAME)";
				SKIP_INSTALL = YES;
				VERSIONING_SYSTEM = "apple-generic";
				VERSION_INFO_PREFIX = "";
			};
			name = Debug;
		};
		374B80821AC25BD100D5F106 /* Release */ = {
			isa = XCBuildConfiguration;
			buildSettings = {
				APPLICATION_EXTENSION_API_ONLY = YES;
				CURRENT_PROJECT_VERSION = 1;
				DEFINES_MODULE = YES;
				DYLIB_COMPATIBILITY_VERSION = 1;
				DYLIB_CURRENT_VERSION = 1;
				DYLIB_INSTALL_NAME_BASE = "@rpath";
				INFOPLIST_FILE = LYRWeiboKit/Info.plist;
				INSTALL_PATH = "$(LOCAL_LIBRARY_DIR)/Frameworks";
				LD_RUNPATH_SEARCH_PATHS = "$(inherited) @executable_path/Frameworks @loader_path/Frameworks";
				PRODUCT_NAME = "$(TARGET_NAME)";
				SKIP_INSTALL = YES;
				VERSIONING_SYSTEM = "apple-generic";
				VERSION_INFO_PREFIX = "";
			};
			name = Release;
		};
		374B80851AC25BD100D5F106 /* Debug */ = {
			isa = XCBuildConfiguration;
			buildSettings = {
				FRAMEWORK_SEARCH_PATHS = (
					"$(SDKROOT)/Developer/Library/Frameworks",
					"$(inherited)",
				);
				GCC_PREPROCESSOR_DEFINITIONS = (
					"DEBUG=1",
					"$(inherited)",
				);
				INFOPLIST_FILE = LYRWeiboKitTests/Info.plist;
				LD_RUNPATH_SEARCH_PATHS = "$(inherited) @executable_path/Frameworks @loader_path/Frameworks";
				PRODUCT_NAME = "$(TARGET_NAME)";
				TEST_HOST = "$(BUILT_PRODUCTS_DIR)/WatchWeibo.app/WatchWeibo";
			};
			name = Debug;
		};
		374B80861AC25BD100D5F106 /* Release */ = {
			isa = XCBuildConfiguration;
			buildSettings = {
				FRAMEWORK_SEARCH_PATHS = (
					"$(SDKROOT)/Developer/Library/Frameworks",
					"$(inherited)",
				);
				INFOPLIST_FILE = LYRWeiboKitTests/Info.plist;
				LD_RUNPATH_SEARCH_PATHS = "$(inherited) @executable_path/Frameworks @loader_path/Frameworks";
				PRODUCT_NAME = "$(TARGET_NAME)";
				TEST_HOST = "$(BUILT_PRODUCTS_DIR)/WatchWeibo.app/WatchWeibo";
			};
			name = Release;
		};
/* End XCBuildConfiguration section */

/* Begin XCConfigurationList section */
		374B7FD91AC2457B00D5F106 /* Build configuration list for PBXProject "WatchWeibo" */ = {
			isa = XCConfigurationList;
			buildConfigurations = (
				374B7FFF1AC2457B00D5F106 /* Debug */,
				374B80001AC2457B00D5F106 /* Release */,
			);
			defaultConfigurationIsVisible = 0;
			defaultConfigurationName = Release;
		};
		374B80011AC2457B00D5F106 /* Build configuration list for PBXNativeTarget "WatchWeibo" */ = {
			isa = XCConfigurationList;
			buildConfigurations = (
				374B80021AC2457B00D5F106 /* Debug */,
				374B80031AC2457B00D5F106 /* Release */,
			);
			defaultConfigurationIsVisible = 0;
			defaultConfigurationName = Release;
		};
		374B80041AC2457B00D5F106 /* Build configuration list for PBXNativeTarget "WatchWeiboTests" */ = {
			isa = XCConfigurationList;
			buildConfigurations = (
				374B80051AC2457B00D5F106 /* Debug */,
				374B80061AC2457B00D5F106 /* Release */,
			);
			defaultConfigurationIsVisible = 0;
			defaultConfigurationName = Release;
		};
		374B80581AC2551300D5F106 /* Build configuration list for PBXNativeTarget "WatchWeibo WatchKit App" */ = {
			isa = XCConfigurationList;
			buildConfigurations = (
				374B80591AC2551300D5F106 /* Debug */,
				374B805A1AC2551300D5F106 /* Release */,
			);
			defaultConfigurationIsVisible = 0;
			defaultConfigurationName = Release;
		};
		374B805B1AC2551300D5F106 /* Build configuration list for PBXNativeTarget "WatchWeibo WatchKit Extension" */ = {
			isa = XCConfigurationList;
			buildConfigurations = (
				374B805C1AC2551300D5F106 /* Debug */,
				374B805D1AC2551300D5F106 /* Release */,
			);
			defaultConfigurationIsVisible = 0;
			defaultConfigurationName = Release;
		};
		374B80801AC25BD100D5F106 /* Build configuration list for PBXNativeTarget "LYRWeiboKit" */ = {
			isa = XCConfigurationList;
			buildConfigurations = (
				374B80811AC25BD100D5F106 /* Debug */,
				374B80821AC25BD100D5F106 /* Release */,
			);
			defaultConfigurationIsVisible = 0;
			defaultConfigurationName = Release;
		};
		374B80841AC25BD100D5F106 /* Build configuration list for PBXNativeTarget "LYRWeiboKitTests" */ = {
			isa = XCConfigurationList;
			buildConfigurations = (
				374B80851AC25BD100D5F106 /* Debug */,
				374B80861AC25BD100D5F106 /* Release */,
			);
			defaultConfigurationIsVisible = 0;
			defaultConfigurationName = Release;
		};
/* End XCConfigurationList section */
	};
	rootObject = 374B7FD61AC2457B00D5F106 /* Project object */;
}
